Microsoft Visual Studio Solution File, Format Version 8.00
Project("{FAE04EC0-301F-11D3-BF4B-00C04F79EFBC}") = "Post2OneNotePlugin", "Post2OneNotePlugin.csproj", "{CBFC77D9-FFAF-418A-B16C-655E2E9B3B17}"
	ProjectSection(ProjectDependencies) = postProject
	EndProjectSection
EndProject
Global
	GlobalSection(SourceCodeControl) = preSolution
		SccNumberOfProjects = 2
		SccProjectName0 = \u0022Perforce\u0020Project\u0022
		SccLocalPath0 = .
		SccProvider0 = MSSCCI:Perforce\u0020SCM
		CanCheckoutShared = true
		SolutionUniqueID = {59A0BE28-0043-40B8-AE4A-A6901D0AAB88}
		SccProjectUniqueName1 = Post2OneNotePlugin.csproj
		SccLocalPath1 = .
		CanCheckoutShared = true
	EndGlobalSection
	GlobalSection(SolutionConfiguration) = preSolution
		Debug = Debug
		Release = Release
	EndGlobalSection
	GlobalSection(ProjectConfiguration) = postSolution
		{CBFC77D9-FFAF-418A-B16C-655E2E9B3B17}.Debug.ActiveCfg = Debug|.NET
		{CBFC77D9-FFAF-418A-B16C-655E2E9B3B17}.Debug.Build.0 = Debug|.NET
		{CBFC77D9-FFAF-418A-B16C-655E2E9B3B17}.Release.ActiveCfg = Release|.NET
		{CBFC77D9-FFAF-418A-B16C-655E2E9B3B17}.Release.Build.0 = Release|.NET
	EndGlobalSection
	GlobalSection(ExtensibilityGlobals) = postSolution
	EndGlobalSection
	GlobalSection(ExtensibilityAddIns) = postSolution
	EndGlobalSection
EndGlobal
