Microsoft Visual Studio Solution File, Format Version 8.00
Project("{8BC9CEB8-8B4A-11D0-8D11-00A0C91BC942}") = "wvWare", "wvWare.vcproj", "{7D6BB999-7E70-4508-9003-CE8E26F14C7C}"
	ProjectSection(ProjectDependencies) = postProject
	EndProjectSection
EndProject
Global
	GlobalSection(DPCodeReviewSolutionGUID) = preSolution
		DPCodeReviewSolutionGUID = {00000000-0000-0000-0000-000000000000}
	EndGlobalSection
	GlobalSection(SourceCodeControl) = preSolution
		SccNumberOfProjects = 2
		SccProjectName0 = Perforce\u0020Project
		SccLocalPath0 = .
		SccProvider0 = MSSCCI:Perforce\u0020SCM
		CanCheckoutShared = true
		SolutionUniqueID = {7F71102B-C711-4D4F-A740-C1DED015BD7D}
		SccProjectUniqueName1 = wvWare.vcproj
		SccLocalPath1 = .
		CanCheckoutShared = true
	EndGlobalSection
	GlobalSection(SolutionConfiguration) = preSolution
		Debug = Debug
		Release = Release
	EndGlobalSection
	GlobalSection(ProjectConfiguration) = postSolution
		{7D6BB999-7E70-4508-9003-CE8E26F14C7C}.Debug.ActiveCfg = Debug|Win32
		{7D6BB999-7E70-4508-9003-CE8E26F14C7C}.Debug.Build.0 = Debug|Win32
		{7D6BB999-7E70-4508-9003-CE8E26F14C7C}.Release.ActiveCfg = Release|Win32
		{7D6BB999-7E70-4508-9003-CE8E26F14C7C}.Release.Build.0 = Release|Win32
	EndGlobalSection
	GlobalSection(ExtensibilityGlobals) = postSolution
	EndGlobalSection
	GlobalSection(ExtensibilityAddIns) = postSolution
	EndGlobalSection
EndGlobal
