Microsoft Visual Studio Solution File, Format Version 8.00
Project("{FAE04EC0-301F-11D3-BF4B-00C04F79EFBC}") = "OmniaMea", "OmniaMea.csproj", "{45561619-1C61-4293-B8B1-88A76A8190DC}"
	ProjectSection(ProjectDependencies) = postProject
	EndProjectSection
EndProject
Project("{FAE04EC0-301F-11D3-BF4B-00C04F79EFBC}") = "GUIControls", "..\GUIControls\GUIControls.csproj", "{C9CBAAE5-F8D4-4BD2-BDF0-026B85122106}"
	ProjectSection(ProjectDependencies) = postProject
	EndProjectSection
EndProject
Project("{FAE04EC0-301F-11D3-BF4B-00C04F79EFBC}") = "DBUtils", "..\DBUtils\DBUtils.csproj", "{14CD54EF-C6BA-4A9D-A742-2A431DC7E641}"
	ProjectSection(ProjectDependencies) = postProject
	EndProjectSection
EndProject
Project("{FAE04EC0-301F-11D3-BF4B-00C04F79EFBC}") = "CommonTests", "..\CommonTests\CommonTests.csproj", "{BF1D5FAA-EA49-4416-95CD-F5752E7DA797}"
	ProjectSection(ProjectDependencies) = postProject
	EndProjectSection
EndProject
Project("{FAE04EC0-301F-11D3-BF4B-00C04F79EFBC}") = "GUIControlsTests", "..\GUIControlsTests\GUIControlsTests.csproj", "{F10B898C-A1F3-40B5-A498-DDFBBEDC5280}"
	ProjectSection(ProjectDependencies) = postProject
	EndProjectSection
EndProject
Project("{FAE04EC0-301F-11D3-BF4B-00C04F79EFBC}") = "OmniaMeaBaseTests", "..\OmniaMeaBase\OmniaMeaBaseTests\OmniaMeaBaseTests.csproj", "{CFCD41A9-D542-47BD-95BC-C4254B9C8EAB}"
	ProjectSection(ProjectDependencies) = postProject
	EndProjectSection
EndProject
Project("{FAE04EC0-301F-11D3-BF4B-00C04F79EFBC}") = "ICQ", "..\InstantMessaging\ICQ\ICQ.csproj", "{4C7B325F-0B4D-4C02-A345-58921BF6CA83}"
	ProjectSection(ProjectDependencies) = postProject
	EndProjectSection
EndProject
Project("{FAE04EC0-301F-11D3-BF4B-00C04F79EFBC}") = "OpenAPI", "..\OpenAPI\OpenAPI.csproj", "{BC8E1E30-A063-463A-9213-A159C7FA4AAC}"
	ProjectSection(ProjectDependencies) = postProject
	EndProjectSection
EndProject
Project("{FAE04EC0-301F-11D3-BF4B-00C04F79EFBC}") = "OutlookPlugin", "..\OutlookPlugin\OutlookPlugin.csproj", "{F87D3F76-E805-4576-B040-D9BBB1DADF47}"
	ProjectSection(ProjectDependencies) = postProject
	EndProjectSection
EndProject
Project("{FAE04EC0-301F-11D3-BF4B-00C04F79EFBC}") = "FilePlugin", "..\FilePlugin\FilePlugin.csproj", "{3F7DF94B-7F21-405B-A3E9-D598FB7EE582}"
	ProjectSection(ProjectDependencies) = postProject
	EndProjectSection
EndProject
Project("{FAE04EC0-301F-11D3-BF4B-00C04F79EFBC}") = "TextIndexTests", "..\TextIndexTests\TextIndexTests.csproj", "{F016B78B-0BE2-45CD-9584-68FD9CAF35F9}"
	ProjectSection(ProjectDependencies) = postProject
	EndProjectSection
EndProject
Project("{FAE04EC0-301F-11D3-BF4B-00C04F79EFBC}") = "ContactsPlugin", "..\ContactsPlugin\ContactsPlugin.csproj", "{880A3057-3DF9-49FB-950E-823CD66F8A7F}"
	ProjectSection(ProjectDependencies) = postProject
	EndProjectSection
EndProject
Project("{FAE04EC0-301F-11D3-BF4B-00C04F79EFBC}") = "OmniaMeaBase", "..\OmniaMeaBase\OmniaMeaBase.csproj", "{C77A02EC-E116-44B9-8FF2-85637FA405B7}"
	ProjectSection(ProjectDependencies) = postProject
	EndProjectSection
EndProject
Project("{FAE04EC0-301F-11D3-BF4B-00C04F79EFBC}") = "HTMLPlugin", "..\HTMLPlugin\HTMLPlugin.csproj", "{C89595E6-47B1-4F41-AAE3-7920A090AECA}"
	ProjectSection(ProjectDependencies) = postProject
		{6D463521-34B3-4DF1-8878-D48D8DAE623E} = {6D463521-34B3-4DF1-8878-D48D8DAE623E}
	EndProjectSection
EndProject
Project("{FAE04EC0-301F-11D3-BF4B-00C04F79EFBC}") = "ResourceTools", "..\ResourceTools\ResourceTools.csproj", "{996131BE-FF7C-4AB5-9500-1C8C7EBE5AF1}"
	ProjectSection(ProjectDependencies) = postProject
	EndProjectSection
EndProject
Project("{FAE04EC0-301F-11D3-BF4B-00C04F79EFBC}") = "ResourceToolsTests", "..\ResourceToolsTests\ResourceToolsTests.csproj", "{676125C5-4B4A-4FE1-AB57-A3F22DA24476}"
	ProjectSection(ProjectDependencies) = postProject
	EndProjectSection
EndProject
Project("{FAE04EC0-301F-11D3-BF4B-00C04F79EFBC}") = "Miranda", "..\InstantMessaging\Miranda\Miranda.csproj", "{DA5751AA-426D-46CB-9EC5-2E59EEBA1779}"
	ProjectSection(ProjectDependencies) = postProject
	EndProjectSection
EndProject
Project("{FAE04EC0-301F-11D3-BF4B-00C04F79EFBC}") = "Favorites", "..\Favorites\Favorites.csproj", "{B9825336-AED1-4C7A-9148-6D8F552A562A}"
	ProjectSection(ProjectDependencies) = postProject
	EndProjectSection
EndProject
Project("{FAE04EC0-301F-11D3-BF4B-00C04F79EFBC}") = "Tasks", "..\Tasks\Tasks.csproj", "{08ACB798-2775-4B24-9B0C-00EE2A25E097}"
	ProjectSection(ProjectDependencies) = postProject
	EndProjectSection
EndProject
Project("{FAE04EC0-301F-11D3-BF4B-00C04F79EFBC}") = "Pictures", "..\Pictures\Pictures.csproj", "{FBA3FE22-40B1-4CA4-82F5-73C389FA8539}"
	ProjectSection(ProjectDependencies) = postProject
	EndProjectSection
EndProject
Project("{FAE04EC0-301F-11D3-BF4B-00C04F79EFBC}") = "PDFPlugin", "..\PDFPlugin\PDFPlugin.csproj", "{1302A80F-8FE9-48DD-903F-90BCCA0FDB78}"
	ProjectSection(ProjectDependencies) = postProject
	EndProjectSection
EndProject
Project("{FAE04EC0-301F-11D3-BF4B-00C04F79EFBC}") = "RSSPlugin", "..\RSSPlugin\RSSPlugin.csproj", "{6D463521-34B3-4DF1-8878-D48D8DAE623E}"
	ProjectSection(ProjectDependencies) = postProject
		{CB9C489B-FDAE-49BC-B379-2DFBA6A9FB85} = {CB9C489B-FDAE-49BC-B379-2DFBA6A9FB85}
	EndProjectSection
EndProject
Project("{FAE04EC0-301F-11D3-BF4B-00C04F79EFBC}") = "DBRepair", "..\DBRepair\DBRepair.csproj", "{FC06BCD5-15B6-453C-995A-C39EA7D9CE62}"
	ProjectSection(ProjectDependencies) = postProject
	EndProjectSection
EndProject
Project("{FAE04EC0-301F-11D3-BF4B-00C04F79EFBC}") = "TextIndex", "..\TextIndex\TextIndex.csproj", "{971F984A-724F-4841-8AB9-6BB738C6E329}"
	ProjectSection(ProjectDependencies) = postProject
	EndProjectSection
EndProject
Project("{FAE04EC0-301F-11D3-BF4B-00C04F79EFBC}") = "NntpPlugin", "..\NntpPlugin\NntpPlugin.csproj", "{C51AC545-EB62-4AC3-98AA-E98A666335C2}"
	ProjectSection(ProjectDependencies) = postProject
	EndProjectSection
EndProject
Project("{FAE04EC0-301F-11D3-BF4B-00C04F79EFBC}") = "DebugPlugin", "..\DebugPlugin\DebugPlugin.csproj", "{6ABD562F-44A2-420A-8C1B-BEF261A17C05}"
	ProjectSection(ProjectDependencies) = postProject
	EndProjectSection
EndProject
Project("{FAE04EC0-301F-11D3-BF4B-00C04F79EFBC}") = "SolutionCleaner", "..\SolutionCleaner\SolutionCleaner.csproj", "{DBD6ABD3-89CE-411B-8265-95366D2C1F60}"
	ProjectSection(ProjectDependencies) = postProject
	EndProjectSection
EndProject
Project("{FAE04EC0-301F-11D3-BF4B-00C04F79EFBC}") = "StressTests", "..\StressTests\StressTests.csproj", "{CB2AAB94-A28F-4D46-84A7-66A4A2E06222}"
	ProjectSection(ProjectDependencies) = postProject
	EndProjectSection
EndProject
Project("{FAE04EC0-301F-11D3-BF4B-00C04F79EFBC}") = "TermIndexProfile", "..\TermIndexProfile\TermIndexProfile.csproj", "{BE9013E3-687A-4685-8531-132C9D5C3BA4}"
	ProjectSection(ProjectDependencies) = postProject
	EndProjectSection
EndProject
Project("{FAE04EC0-301F-11D3-BF4B-00C04F79EFBC}") = "WordDocPlugin", "..\WordDocPlugin\WordDocPlugin.csproj", "{F21BD0AE-FF4B-42C3-8019-9592EF9BB5FF}"
	ProjectSection(ProjectDependencies) = postProject
	EndProjectSection
EndProject
Project("{FAE04EC0-301F-11D3-BF4B-00C04F79EFBC}") = "JetBrainsSharedU", "..\JetBrainsDotNet\JetBrainsShared\JetBrainsSharedU.csproj", "{EC3FDB0D-539E-407E-8AC8-9CFE507F9185}"
	ProjectSection(ProjectDependencies) = postProject
	EndProjectSection
EndProject
Project("{FAE04EC0-301F-11D3-BF4B-00C04F79EFBC}") = "DBUtilsTests", "..\DBUtilsTests\DBUtilsTests.csproj", "{C566FC33-8FD9-482F-9E2C-6E87DB0B5BF7}"
	ProjectSection(ProjectDependencies) = postProject
	EndProjectSection
EndProject
Project("{FAE04EC0-301F-11D3-BF4B-00C04F79EFBC}") = "Trillian", "..\InstantMessaging\Trillian\Trillian.csproj", "{3425C94D-5576-44AF-B796-F160920AEE92}"
	ProjectSection(ProjectDependencies) = postProject
	EndProjectSection
EndProject
Project("{8BC9CEB8-8B4A-11D0-8D11-00A0C91BC942}") = "EMAPILib", "..\EMAPILib\EMAPILib.vcproj", "{DE273A0B-CAD2-4292-B7B5-14E8A0131EC1}"
	ProjectSection(ProjectDependencies) = postProject
	EndProjectSection
EndProject
Project("{8BC9CEB8-8B4A-11D0-8D11-00A0C91BC942}") = "DBIndex", "..\DBIndex\DBIndex.vcproj", "{7324F8A3-E741-451A-8428-BCD71E464A89}"
	ProjectSection(ProjectDependencies) = postProject
	EndProjectSection
EndProject
Project("{FAE04EC0-301F-11D3-BF4B-00C04F79EFBC}") = "PerformanceTests", "..\PerformanceTests\PerformanceTests.csproj", "{7A408FED-BB8D-4551-8D8C-D93B752DC237}"
	ProjectSection(ProjectDependencies) = postProject
	EndProjectSection
EndProject
Project("{8BC9CEB8-8B4A-11D0-8D11-00A0C91BC942}") = "Launcher", "..\Launcher\Launcher.vcproj", "{CA4EAE57-1EB2-4471-A03B-9D8D8C2CE6C5}"
	ProjectSection(ProjectDependencies) = postProject
	EndProjectSection
EndProject
Project("{FAE04EC0-301F-11D3-BF4B-00C04F79EFBC}") = "ResourceStore", "..\ResourceStore\ResourceStore.csproj", "{D022CCB6-4958-44DD-8175-E9AA181E6F41}"
	ProjectSection(ProjectDependencies) = postProject
	EndProjectSection
EndProject
Project("{FAE04EC0-301F-11D3-BF4B-00C04F79EFBC}") = "PerformanceTestRunnerU", "..\JetBrainsDotNet\PerformanceTestsRunner\PerformanceTestRunnerU.csproj", "{7C78C137-1425-4561-8989-945B89B26961}"
	ProjectSection(ProjectDependencies) = postProject
	EndProjectSection
EndProject
Project("{FAE04EC0-301F-11D3-BF4B-00C04F79EFBC}") = "MemoryWatchPlugin", "..\MemoryWatchPlugin\MemoryWatchPlugin.csproj", "{C0A16CD4-73A8-496A-94C9-19E26C2C65B6}"
	ProjectSection(ProjectDependencies) = postProject
	EndProjectSection
EndProject
Project("{FAE04EC0-301F-11D3-BF4B-00C04F79EFBC}") = "ExcelDocPlugin", "..\ExcelDocPlugin\ExcelDocPlugin.csproj", "{F21BD0AE-FF4B-42C3-8019-9592EF9BB5FF}"
	ProjectSection(ProjectDependencies) = postProject
	EndProjectSection
EndProject
Project("{8BC9CEB8-8B4A-11D0-8D11-00A0C91BC942}") = "MshtmlSite", "..\MshtmlBrowser\MshtmlSite\MshtmlSite.vcproj", "{CB9C489B-FDAE-49BC-B379-2DFBA6A9FB85}"
	ProjectSection(ProjectDependencies) = postProject
	EndProjectSection
EndProject
Project("{FAE04EC0-301F-11D3-BF4B-00C04F79EFBC}") = "PicoCore", "..\PicoCore\PicoCore.csproj", "{4D08EA48-F2BE-418B-AE1C-4925A7647F37}"
	ProjectSection(ProjectDependencies) = postProject
	EndProjectSection
EndProject
Project("{FAE04EC0-301F-11D3-BF4B-00C04F79EFBC}") = "SpHeader", "..\SpHeader\SpHeader.csproj", "{095A65E9-D852-420E-A1AD-DD795916D5A6}"
	ProjectSection(ProjectDependencies) = postProject
	EndProjectSection
EndProject
Project("{FAE04EC0-301F-11D3-BF4B-00C04F79EFBC}") = "Security Library", "..\SecureLib\Security Library.csproj", "{5BFA5A70-D384-4417-AFCC-5C744485A85F}"
	ProjectSection(ProjectDependencies) = postProject
	EndProjectSection
EndProject
Project("{FAE04EC0-301F-11D3-BF4B-00C04F79EFBC}") = "OmeaDotNet", "..\OmeaDotNet\OmeaDotNet.csproj", "{4FA44D90-AE80-47B8-9002-B71C61831126}"
	ProjectSection(ProjectDependencies) = postProject
	EndProjectSection
EndProject
Project("{FAE04EC0-301F-11D3-BF4B-00C04F79EFBC}") = "JetListView", "..\JetListView Control\JetListView.csproj", "{F143C8CF-F540-4CEE-9D6B-48F583A3B955}"
	ProjectSection(ProjectDependencies) = postProject
	EndProjectSection
EndProject
Project("{FAE04EC0-301F-11D3-BF4B-00C04F79EFBC}") = "MaintenanceTool", "..\MaintenanceTool\MaintenanceTool.csproj", "{5D201045-B431-4475-8FDF-9FDBCF4B203F}"
	ProjectSection(ProjectDependencies) = postProject
	EndProjectSection
EndProject
Project("{FAE04EC0-301F-11D3-BF4B-00C04F79EFBC}") = "NotesPlugin", "..\NotesPlugin\NotesPlugin.csproj", "{02743D59-96B7-4BB4-B1F4-479911CFEAC1}"
	ProjectSection(ProjectDependencies) = postProject
	EndProjectSection
EndProject
Global
	GlobalSection(SourceCodeControl) = preSolution
		SccNumberOfProjects = 50
		SccProjectName0 = Perforce\u0020Project
		SccLocalPath0 = .
		SccProvider0 = MSSCCI:Perforce\u0020SCM
		CanCheckoutShared = true
		SolutionUniqueID = {76973AF4-85E8-4BC5-89F6-A79B45B0641E}
		SccProjectUniqueName1 = OmniaMea.csproj
		SccLocalPath1 = .
		CanCheckoutShared = true
		SccProjectUniqueName2 = ..\\GUIControls\\GUIControls.csproj
		SccLocalPath2 = ..\\GUIControls
		CanCheckoutShared = true
		SccProjectUniqueName3 = ..\\DBUtils\\DBUtils.csproj
		SccLocalPath3 = ..\\DBUtils
		CanCheckoutShared = true
		SccProjectUniqueName4 = ..\\CommonTests\\CommonTests.csproj
		SccLocalPath4 = ..\\CommonTests
		CanCheckoutShared = true
		SccProjectUniqueName5 = ..\\GUIControlsTests\\GUIControlsTests.csproj
		SccLocalPath5 = ..\\GUIControlsTests
		CanCheckoutShared = true
		SccProjectUniqueName6 = ..\\OmniaMeaBase\\OmniaMeaBaseTests\\OmniaMeaBaseTests.csproj
		SccLocalPath6 = ..\\OmniaMeaBase\\OmniaMeaBaseTests
		CanCheckoutShared = true
		SccProjectUniqueName7 = ..\\InstantMessaging\\ICQ\\ICQ.csproj
		SccLocalPath7 = ..\\InstantMessaging\\ICQ
		CanCheckoutShared = true
		SccProjectUniqueName8 = ..\\OpenAPI\\OpenAPI.csproj
		SccLocalPath8 = ..\\OpenAPI
		CanCheckoutShared = true
		SccProjectUniqueName9 = ..\\OutlookPlugin\\OutlookPlugin.csproj
		SccLocalPath9 = ..\\OutlookPlugin
		CanCheckoutShared = true
		SccProjectUniqueName10 = ..\\FilePlugin\\FilePlugin.csproj
		SccLocalPath10 = ..\\FilePlugin
		CanCheckoutShared = true
		SccProjectUniqueName11 = ..\\TextIndexTests\\TextIndexTests.csproj
		SccLocalPath11 = ..\\TextIndexTests
		CanCheckoutShared = true
		SccProjectUniqueName12 = ..\\ContactsPlugin\\ContactsPlugin.csproj
		SccLocalPath12 = ..\\ContactsPlugin
		CanCheckoutShared = true
		SccProjectUniqueName13 = ..\\OmniaMeaBase\\OmniaMeaBase.csproj
		SccLocalPath13 = ..\\OmniaMeaBase
		CanCheckoutShared = true
		SccProjectUniqueName14 = ..\\HTMLPlugin\\HTMLPlugin.csproj
		SccLocalPath14 = ..\\HTMLPlugin
		CanCheckoutShared = true
		SccProjectUniqueName15 = ..\\ResourceTools\\ResourceTools.csproj
		SccLocalPath15 = ..
		CanCheckoutShared = true
		SccProjectFilePathRelativizedFromConnection15 = ResourceTools\\
		SccProjectUniqueName16 = ..\\ResourceToolsTests\\ResourceToolsTests.csproj
		SccLocalPath16 = ..\\ResourceToolsTests
		CanCheckoutShared = true
		SccProjectUniqueName17 = ..\\InstantMessaging\\Miranda\\Miranda.csproj
		SccLocalPath17 = ..\\InstantMessaging\\Miranda
		CanCheckoutShared = true
		SccProjectUniqueName18 = ..\\Favorites\\Favorites.csproj
		SccLocalPath18 = ..\\Favorites
		CanCheckoutShared = true
		SccProjectUniqueName19 = ..\\Tasks\\Tasks.csproj
		SccLocalPath19 = ..\\Tasks
		CanCheckoutShared = true
		SccProjectUniqueName20 = ..\\Pictures\\Pictures.csproj
		SccLocalPath20 = ..\\Pictures
		CanCheckoutShared = true
		SccProjectUniqueName21 = ..\\PDFPlugin\\PDFPlugin.csproj
		SccLocalPath21 = ..
		CanCheckoutShared = true
		SccProjectFilePathRelativizedFromConnection21 = PDFPlugin\\
		SccProjectUniqueName22 = ..\\RSSPlugin\\RSSPlugin.csproj
		SccLocalPath22 = ..\\RSSPlugin
		CanCheckoutShared = true
		SccProjectUniqueName23 = ..\\DBRepair\\DBRepair.csproj
		SccLocalPath23 = ..\\DBRepair
		CanCheckoutShared = true
		SccProjectUniqueName24 = ..\\TextIndex\\TextIndex.csproj
		SccLocalPath24 = ..\\TextIndex
		CanCheckoutShared = true
		SccProjectUniqueName25 = ..\\NntpPlugin\\NntpPlugin.csproj
		SccLocalPath25 = ..\\NntpPlugin
		CanCheckoutShared = true
		SccProjectUniqueName26 = ..\\DebugPlugin\\DebugPlugin.csproj
		SccLocalPath26 = ..\\DebugPlugin
		CanCheckoutShared = true
		SccProjectUniqueName27 = ..\\SolutionCleaner\\SolutionCleaner.csproj
		SccLocalPath27 = ..\\SolutionCleaner
		CanCheckoutShared = true
		SccProjectUniqueName28 = ..\\StressTests\\StressTests.csproj
		SccLocalPath28 = ..\\StressTests
		CanCheckoutShared = true
		SccProjectUniqueName29 = ..\\TermIndexProfile\\TermIndexProfile.csproj
		SccLocalPath29 = ..
		CanCheckoutShared = true
		SccProjectFilePathRelativizedFromConnection29 = TermIndexProfile\\
		SccProjectUniqueName30 = ..\\WordDocPlugin\\WordDocPlugin.csproj
		SccLocalPath30 = ..
		CanCheckoutShared = true
		SccProjectFilePathRelativizedFromConnection30 = WordDocPlugin\\
		SccProjectUniqueName31 = ..\\JetBrainsDotNet\\JetBrainsShared\\JetBrainsSharedU.csproj
		SccLocalPath31 = ..\\JetBrainsDotNet\\JetBrainsShared
		CanCheckoutShared = true
		SccProjectUniqueName32 = ..\\DBUtilsTests\\DBUtilsTests.csproj
		SccLocalPath32 = ..\\DBUtilsTests
		CanCheckoutShared = true
		SccProjectUniqueName33 = ..\\InstantMessaging\\Trillian\\Trillian.csproj
		SccLocalPath33 = ..\\InstantMessaging\\Trillian
		CanCheckoutShared = true
		SccProjectUniqueName34 = ..\\EMAPILib\\EMAPILib.vcproj
		SccLocalPath34 = ..\\EMAPILib
		CanCheckoutShared = true
		SccProjectUniqueName35 = ..\\DBIndex\\DBIndex.vcproj
		SccLocalPath35 = ..\\DBIndex
		CanCheckoutShared = true
		SccProjectUniqueName36 = ..\\PerformanceTests\\PerformanceTests.csproj
		SccProjectName36 = \u0022Perforce\u0020Project\u0022
		SccLocalPath36 = ..\\PerformanceTests
		CanCheckoutShared = true
		SccProjectUniqueName37 = ..\\Launcher\\Launcher.vcproj
		SccLocalPath37 = ..\\Launcher
		CanCheckoutShared = true
		SccProjectUniqueName38 = ..\\ResourceStore\\ResourceStore.csproj
		SccLocalPath38 = ..\\ResourceStore
		CanCheckoutShared = true
		SccProjectUniqueName39 = ..\\JetBrainsDotNet\\PerformanceTestsRunner\\PerformanceTestRunnerU.csproj
		SccLocalPath39 = ..\\JetBrainsDotNet\\PerformanceTestsRunner
		CanCheckoutShared = true
		SccProjectUniqueName40 = ..\\MemoryWatchPlugin\\MemoryWatchPlugin.csproj
		SccLocalPath40 = ..\\MemoryWatchPlugin
		CanCheckoutShared = true
		SccProjectUniqueName41 = ..\\ExcelDocPlugin\\ExcelDocPlugin.csproj
		SccLocalPath41 = ..
		CanCheckoutShared = true
		SccProjectFilePathRelativizedFromConnection41 = ExcelDocPlugin\\
		SccProjectUniqueName42 = ..\\MshtmlBrowser\\MshtmlSite\\MshtmlSite.vcproj
		SccLocalPath42 = ..\\MshtmlBrowser
		CanCheckoutShared = true
		SccProjectFilePathRelativizedFromConnection42 = MshtmlSite\\
		SccProjectUniqueName43 = ..\\PicoCore\\PicoCore.csproj
		SccLocalPath43 = ..\\PicoCore
		CanCheckoutShared = true
		SccProjectUniqueName44 = ..\\SpHeader\\SpHeader.csproj
		SccLocalPath44 = ..\\SpHeader
		CanCheckoutShared = true
		SccProjectUniqueName45 = ..\\SecureLib\\Security\u0020Library.csproj
		SccLocalPath45 = ..\\SecureLib
		CanCheckoutShared = true
		SccProjectUniqueName46 = ..\\OmeaDotNet\\OmeaDotNet.csproj
		SccLocalPath46 = ..\\OmeaDotNet
		CanCheckoutShared = true
		SccProjectUniqueName47 = ..\\JetListView\u0020Control\\JetListView.csproj
		SccLocalPath47 = ..\\JetListView\u0020Control
		CanCheckoutShared = true
		SccProjectUniqueName48 = ..\\MaintenanceTool\\MaintenanceTool.csproj
		SccLocalPath48 = ..\\MaintenanceTool
		CanCheckoutShared = true
		SccProjectUniqueName49 = ..\\NotesPlugin\\NotesPlugin.csproj
		SccLocalPath49 = ..\\NotesPlugin
		CanCheckoutShared = true
	EndGlobalSection
	GlobalSection(SolutionConfiguration) = preSolution
		CruiseControl = CruiseControl
		Debug = Debug
		Reader Debug = Reader Debug
		Release = Release
		Release MinDependency = Release MinDependency
		Release MinSize = Release MinSize
	EndGlobalSection
	GlobalSection(ProjectConfiguration) = postSolution
		{45561619-1C61-4293-B8B1-88A76A8190DC}.CruiseControl.ActiveCfg = Release|.NET
		{45561619-1C61-4293-B8B1-88A76A8190DC}.CruiseControl.Build.0 = Release|.NET
		{45561619-1C61-4293-B8B1-88A76A8190DC}.Debug.ActiveCfg = Debug|.NET
		{45561619-1C61-4293-B8B1-88A76A8190DC}.Debug.Build.0 = Debug|.NET
		{45561619-1C61-4293-B8B1-88A76A8190DC}.Reader Debug.ActiveCfg = Reader Debug|.NET
		{45561619-1C61-4293-B8B1-88A76A8190DC}.Reader Debug.Build.0 = Reader Debug|.NET
		{45561619-1C61-4293-B8B1-88A76A8190DC}.Release.ActiveCfg = Release|.NET
		{45561619-1C61-4293-B8B1-88A76A8190DC}.Release.Build.0 = Release|.NET
		{45561619-1C61-4293-B8B1-88A76A8190DC}.Release MinDependency.ActiveCfg = Release|.NET
		{45561619-1C61-4293-B8B1-88A76A8190DC}.Release MinDependency.Build.0 = Release|.NET
		{45561619-1C61-4293-B8B1-88A76A8190DC}.Release MinSize.ActiveCfg = Release|.NET
		{45561619-1C61-4293-B8B1-88A76A8190DC}.Release MinSize.Build.0 = Release|.NET
		{C9CBAAE5-F8D4-4BD2-BDF0-026B85122106}.CruiseControl.ActiveCfg = Release|.NET
		{C9CBAAE5-F8D4-4BD2-BDF0-026B85122106}.CruiseControl.Build.0 = Release|.NET
		{C9CBAAE5-F8D4-4BD2-BDF0-026B85122106}.Debug.ActiveCfg = Debug|.NET
		{C9CBAAE5-F8D4-4BD2-BDF0-026B85122106}.Debug.Build.0 = Debug|.NET
		{C9CBAAE5-F8D4-4BD2-BDF0-026B85122106}.Reader Debug.ActiveCfg = Debug|.NET
		{C9CBAAE5-F8D4-4BD2-BDF0-026B85122106}.Reader Debug.Build.0 = Debug|.NET
		{C9CBAAE5-F8D4-4BD2-BDF0-026B85122106}.Release.ActiveCfg = Release|.NET
		{C9CBAAE5-F8D4-4BD2-BDF0-026B85122106}.Release.Build.0 = Release|.NET
		{C9CBAAE5-F8D4-4BD2-BDF0-026B85122106}.Release MinDependency.ActiveCfg = Release|.NET
		{C9CBAAE5-F8D4-4BD2-BDF0-026B85122106}.Release MinDependency.Build.0 = Release|.NET
		{C9CBAAE5-F8D4-4BD2-BDF0-026B85122106}.Release MinSize.ActiveCfg = Release|.NET
		{C9CBAAE5-F8D4-4BD2-BDF0-026B85122106}.Release MinSize.Build.0 = Release|.NET
		{14CD54EF-C6BA-4A9D-A742-2A431DC7E641}.CruiseControl.ActiveCfg = Release|.NET
		{14CD54EF-C6BA-4A9D-A742-2A431DC7E641}.CruiseControl.Build.0 = Release|.NET
		{14CD54EF-C6BA-4A9D-A742-2A431DC7E641}.Debug.ActiveCfg = Debug|.NET
		{14CD54EF-C6BA-4A9D-A742-2A431DC7E641}.Debug.Build.0 = Debug|.NET
		{14CD54EF-C6BA-4A9D-A742-2A431DC7E641}.Reader Debug.ActiveCfg = Debug|.NET
		{14CD54EF-C6BA-4A9D-A742-2A431DC7E641}.Reader Debug.Build.0 = Debug|.NET
		{14CD54EF-C6BA-4A9D-A742-2A431DC7E641}.Release.ActiveCfg = Release|.NET
		{14CD54EF-C6BA-4A9D-A742-2A431DC7E641}.Release.Build.0 = Release|.NET
		{14CD54EF-C6BA-4A9D-A742-2A431DC7E641}.Release MinDependency.ActiveCfg = Release|.NET
		{14CD54EF-C6BA-4A9D-A742-2A431DC7E641}.Release MinDependency.Build.0 = Release|.NET
		{14CD54EF-C6BA-4A9D-A742-2A431DC7E641}.Release MinSize.ActiveCfg = Release|.NET
		{14CD54EF-C6BA-4A9D-A742-2A431DC7E641}.Release MinSize.Build.0 = Release|.NET
		{BF1D5FAA-EA49-4416-95CD-F5752E7DA797}.CruiseControl.ActiveCfg = Release|.NET
		{BF1D5FAA-EA49-4416-95CD-F5752E7DA797}.CruiseControl.Build.0 = Release|.NET
		{BF1D5FAA-EA49-4416-95CD-F5752E7DA797}.Debug.ActiveCfg = Debug|.NET
		{BF1D5FAA-EA49-4416-95CD-F5752E7DA797}.Debug.Build.0 = Debug|.NET
		{BF1D5FAA-EA49-4416-95CD-F5752E7DA797}.Reader Debug.ActiveCfg = Debug|.NET
		{BF1D5FAA-EA49-4416-95CD-F5752E7DA797}.Reader Debug.Build.0 = Debug|.NET
		{BF1D5FAA-EA49-4416-95CD-F5752E7DA797}.Release.ActiveCfg = Release|.NET
		{BF1D5FAA-EA49-4416-95CD-F5752E7DA797}.Release.Build.0 = Release|.NET
		{BF1D5FAA-EA49-4416-95CD-F5752E7DA797}.Release MinDependency.ActiveCfg = Release|.NET
		{BF1D5FAA-EA49-4416-95CD-F5752E7DA797}.Release MinDependency.Build.0 = Release|.NET
		{BF1D5FAA-EA49-4416-95CD-F5752E7DA797}.Release MinSize.ActiveCfg = Release|.NET
		{BF1D5FAA-EA49-4416-95CD-F5752E7DA797}.Release MinSize.Build.0 = Release|.NET
		{F10B898C-A1F3-40B5-A498-DDFBBEDC5280}.CruiseControl.ActiveCfg = Release|.NET
		{F10B898C-A1F3-40B5-A498-DDFBBEDC5280}.CruiseControl.Build.0 = Release|.NET
		{F10B898C-A1F3-40B5-A498-DDFBBEDC5280}.Debug.ActiveCfg = Debug|.NET
		{F10B898C-A1F3-40B5-A498-DDFBBEDC5280}.Debug.Build.0 = Debug|.NET
		{F10B898C-A1F3-40B5-A498-DDFBBEDC5280}.Reader Debug.ActiveCfg = Debug|.NET
		{F10B898C-A1F3-40B5-A498-DDFBBEDC5280}.Reader Debug.Build.0 = Debug|.NET
		{F10B898C-A1F3-40B5-A498-DDFBBEDC5280}.Release.ActiveCfg = Release|.NET
		{F10B898C-A1F3-40B5-A498-DDFBBEDC5280}.Release.Build.0 = Release|.NET
		{F10B898C-A1F3-40B5-A498-DDFBBEDC5280}.Release MinDependency.ActiveCfg = Release|.NET
		{F10B898C-A1F3-40B5-A498-DDFBBEDC5280}.Release MinDependency.Build.0 = Release|.NET
		{F10B898C-A1F3-40B5-A498-DDFBBEDC5280}.Release MinSize.ActiveCfg = Release|.NET
		{F10B898C-A1F3-40B5-A498-DDFBBEDC5280}.Release MinSize.Build.0 = Release|.NET
		{CFCD41A9-D542-47BD-95BC-C4254B9C8EAB}.CruiseControl.ActiveCfg = Release|.NET
		{CFCD41A9-D542-47BD-95BC-C4254B9C8EAB}.CruiseControl.Build.0 = Release|.NET
		{CFCD41A9-D542-47BD-95BC-C4254B9C8EAB}.Debug.ActiveCfg = Debug|.NET
		{CFCD41A9-D542-47BD-95BC-C4254B9C8EAB}.Debug.Build.0 = Debug|.NET
		{CFCD41A9-D542-47BD-95BC-C4254B9C8EAB}.Reader Debug.ActiveCfg = Debug|.NET
		{CFCD41A9-D542-47BD-95BC-C4254B9C8EAB}.Reader Debug.Build.0 = Debug|.NET
		{CFCD41A9-D542-47BD-95BC-C4254B9C8EAB}.Release.ActiveCfg = Release|.NET
		{CFCD41A9-D542-47BD-95BC-C4254B9C8EAB}.Release.Build.0 = Release|.NET
		{CFCD41A9-D542-47BD-95BC-C4254B9C8EAB}.Release MinDependency.ActiveCfg = Release|.NET
		{CFCD41A9-D542-47BD-95BC-C4254B9C8EAB}.Release MinDependency.Build.0 = Release|.NET
		{CFCD41A9-D542-47BD-95BC-C4254B9C8EAB}.Release MinSize.ActiveCfg = Release|.NET
		{CFCD41A9-D542-47BD-95BC-C4254B9C8EAB}.Release MinSize.Build.0 = Release|.NET
		{4C7B325F-0B4D-4C02-A345-58921BF6CA83}.CruiseControl.ActiveCfg = Release|.NET
		{4C7B325F-0B4D-4C02-A345-58921BF6CA83}.CruiseControl.Build.0 = Release|.NET
		{4C7B325F-0B4D-4C02-A345-58921BF6CA83}.Debug.ActiveCfg = Debug|.NET
		{4C7B325F-0B4D-4C02-A345-58921BF6CA83}.Debug.Build.0 = Debug|.NET
		{4C7B325F-0B4D-4C02-A345-58921BF6CA83}.Reader Debug.ActiveCfg = Debug|.NET
		{4C7B325F-0B4D-4C02-A345-58921BF6CA83}.Reader Debug.Build.0 = Debug|.NET
		{4C7B325F-0B4D-4C02-A345-58921BF6CA83}.Release.ActiveCfg = Release|.NET
		{4C7B325F-0B4D-4C02-A345-58921BF6CA83}.Release.Build.0 = Release|.NET
		{4C7B325F-0B4D-4C02-A345-58921BF6CA83}.Release MinDependency.ActiveCfg = Release|.NET
		{4C7B325F-0B4D-4C02-A345-58921BF6CA83}.Release MinDependency.Build.0 = Release|.NET
		{4C7B325F-0B4D-4C02-A345-58921BF6CA83}.Release MinSize.ActiveCfg = Release|.NET
		{4C7B325F-0B4D-4C02-A345-58921BF6CA83}.Release MinSize.Build.0 = Release|.NET
		{BC8E1E30-A063-463A-9213-A159C7FA4AAC}.CruiseControl.ActiveCfg = Release|.NET
		{BC8E1E30-A063-463A-9213-A159C7FA4AAC}.CruiseControl.Build.0 = Release|.NET
		{BC8E1E30-A063-463A-9213-A159C7FA4AAC}.Debug.ActiveCfg = Debug|.NET
		{BC8E1E30-A063-463A-9213-A159C7FA4AAC}.Debug.Build.0 = Debug|.NET
		{BC8E1E30-A063-463A-9213-A159C7FA4AAC}.Reader Debug.ActiveCfg = Debug|.NET
		{BC8E1E30-A063-463A-9213-A159C7FA4AAC}.Reader Debug.Build.0 = Debug|.NET
		{BC8E1E30-A063-463A-9213-A159C7FA4AAC}.Release.ActiveCfg = Release|.NET
		{BC8E1E30-A063-463A-9213-A159C7FA4AAC}.Release.Build.0 = Release|.NET
		{BC8E1E30-A063-463A-9213-A159C7FA4AAC}.Release MinDependency.ActiveCfg = Release|.NET
		{BC8E1E30-A063-463A-9213-A159C7FA4AAC}.Release MinDependency.Build.0 = Release|.NET
		{BC8E1E30-A063-463A-9213-A159C7FA4AAC}.Release MinSize.ActiveCfg = Release|.NET
		{BC8E1E30-A063-463A-9213-A159C7FA4AAC}.Release MinSize.Build.0 = Release|.NET
		{F87D3F76-E805-4576-B040-D9BBB1DADF47}.CruiseControl.ActiveCfg = Release|.NET
		{F87D3F76-E805-4576-B040-D9BBB1DADF47}.CruiseControl.Build.0 = Release|.NET
		{F87D3F76-E805-4576-B040-D9BBB1DADF47}.Debug.ActiveCfg = Debug|.NET
		{F87D3F76-E805-4576-B040-D9BBB1DADF47}.Debug.Build.0 = Debug|.NET
		{F87D3F76-E805-4576-B040-D9BBB1DADF47}.Reader Debug.ActiveCfg = Debug|.NET
		{F87D3F76-E805-4576-B040-D9BBB1DADF47}.Reader Debug.Build.0 = Debug|.NET
		{F87D3F76-E805-4576-B040-D9BBB1DADF47}.Release.ActiveCfg = Release|.NET
		{F87D3F76-E805-4576-B040-D9BBB1DADF47}.Release.Build.0 = Release|.NET
		{F87D3F76-E805-4576-B040-D9BBB1DADF47}.Release MinDependency.ActiveCfg = Release|.NET
		{F87D3F76-E805-4576-B040-D9BBB1DADF47}.Release MinDependency.Build.0 = Release|.NET
		{F87D3F76-E805-4576-B040-D9BBB1DADF47}.Release MinSize.ActiveCfg = Release|.NET
		{F87D3F76-E805-4576-B040-D9BBB1DADF47}.Release MinSize.Build.0 = Release|.NET
		{3F7DF94B-7F21-405B-A3E9-D598FB7EE582}.CruiseControl.ActiveCfg = Release|.NET
		{3F7DF94B-7F21-405B-A3E9-D598FB7EE582}.CruiseControl.Build.0 = Release|.NET
		{3F7DF94B-7F21-405B-A3E9-D598FB7EE582}.Debug.ActiveCfg = Debug|.NET
		{3F7DF94B-7F21-405B-A3E9-D598FB7EE582}.Debug.Build.0 = Debug|.NET
		{3F7DF94B-7F21-405B-A3E9-D598FB7EE582}.Reader Debug.ActiveCfg = Debug|.NET
		{3F7DF94B-7F21-405B-A3E9-D598FB7EE582}.Reader Debug.Build.0 = Debug|.NET
		{3F7DF94B-7F21-405B-A3E9-D598FB7EE582}.Release.ActiveCfg = Release|.NET
		{3F7DF94B-7F21-405B-A3E9-D598FB7EE582}.Release.Build.0 = Release|.NET
		{3F7DF94B-7F21-405B-A3E9-D598FB7EE582}.Release MinDependency.ActiveCfg = Release|.NET
		{3F7DF94B-7F21-405B-A3E9-D598FB7EE582}.Release MinDependency.Build.0 = Release|.NET
		{3F7DF94B-7F21-405B-A3E9-D598FB7EE582}.Release MinSize.ActiveCfg = Release|.NET
		{3F7DF94B-7F21-405B-A3E9-D598FB7EE582}.Release MinSize.Build.0 = Release|.NET
		{F016B78B-0BE2-45CD-9584-68FD9CAF35F9}.CruiseControl.ActiveCfg = Release|.NET
		{F016B78B-0BE2-45CD-9584-68FD9CAF35F9}.CruiseControl.Build.0 = Release|.NET
		{F016B78B-0BE2-45CD-9584-68FD9CAF35F9}.Debug.ActiveCfg = Debug|.NET
		{F016B78B-0BE2-45CD-9584-68FD9CAF35F9}.Debug.Build.0 = Debug|.NET
		{F016B78B-0BE2-45CD-9584-68FD9CAF35F9}.Reader Debug.ActiveCfg = Debug|.NET
		{F016B78B-0BE2-45CD-9584-68FD9CAF35F9}.Reader Debug.Build.0 = Debug|.NET
		{F016B78B-0BE2-45CD-9584-68FD9CAF35F9}.Release.ActiveCfg = Release|.NET
		{F016B78B-0BE2-45CD-9584-68FD9CAF35F9}.Release.Build.0 = Release|.NET
		{F016B78B-0BE2-45CD-9584-68FD9CAF35F9}.Release MinDependency.ActiveCfg = Release|.NET
		{F016B78B-0BE2-45CD-9584-68FD9CAF35F9}.Release MinDependency.Build.0 = Release|.NET
		{F016B78B-0BE2-45CD-9584-68FD9CAF35F9}.Release MinSize.ActiveCfg = Release|.NET
		{F016B78B-0BE2-45CD-9584-68FD9CAF35F9}.Release MinSize.Build.0 = Release|.NET
		{880A3057-3DF9-49FB-950E-823CD66F8A7F}.CruiseControl.ActiveCfg = Release|.NET
		{880A3057-3DF9-49FB-950E-823CD66F8A7F}.CruiseControl.Build.0 = Release|.NET
		{880A3057-3DF9-49FB-950E-823CD66F8A7F}.Debug.ActiveCfg = Debug|.NET
		{880A3057-3DF9-49FB-950E-823CD66F8A7F}.Debug.Build.0 = Debug|.NET
		{880A3057-3DF9-49FB-950E-823CD66F8A7F}.Reader Debug.ActiveCfg = Debug|.NET
		{880A3057-3DF9-49FB-950E-823CD66F8A7F}.Reader Debug.Build.0 = Debug|.NET
		{880A3057-3DF9-49FB-950E-823CD66F8A7F}.Release.ActiveCfg = Release|.NET
		{880A3057-3DF9-49FB-950E-823CD66F8A7F}.Release.Build.0 = Release|.NET
		{880A3057-3DF9-49FB-950E-823CD66F8A7F}.Release MinDependency.ActiveCfg = Release|.NET
		{880A3057-3DF9-49FB-950E-823CD66F8A7F}.Release MinDependency.Build.0 = Release|.NET
		{880A3057-3DF9-49FB-950E-823CD66F8A7F}.Release MinSize.ActiveCfg = Release|.NET
		{880A3057-3DF9-49FB-950E-823CD66F8A7F}.Release MinSize.Build.0 = Release|.NET
		{C77A02EC-E116-44B9-8FF2-85637FA405B7}.CruiseControl.ActiveCfg = Release|.NET
		{C77A02EC-E116-44B9-8FF2-85637FA405B7}.CruiseControl.Build.0 = Release|.NET
		{C77A02EC-E116-44B9-8FF2-85637FA405B7}.Debug.ActiveCfg = Debug|.NET
		{C77A02EC-E116-44B9-8FF2-85637FA405B7}.Debug.Build.0 = Debug|.NET
		{C77A02EC-E116-44B9-8FF2-85637FA405B7}.Reader Debug.ActiveCfg = Debug|.NET
		{C77A02EC-E116-44B9-8FF2-85637FA405B7}.Reader Debug.Build.0 = Debug|.NET
		{C77A02EC-E116-44B9-8FF2-85637FA405B7}.Release.ActiveCfg = Release|.NET
		{C77A02EC-E116-44B9-8FF2-85637FA405B7}.Release.Build.0 = Release|.NET
		{C77A02EC-E116-44B9-8FF2-85637FA405B7}.Release MinDependency.ActiveCfg = Release|.NET
		{C77A02EC-E116-44B9-8FF2-85637FA405B7}.Release MinDependency.Build.0 = Release|.NET
		{C77A02EC-E116-44B9-8FF2-85637FA405B7}.Release MinSize.ActiveCfg = Release|.NET
		{C77A02EC-E116-44B9-8FF2-85637FA405B7}.Release MinSize.Build.0 = Release|.NET
		{C89595E6-47B1-4F41-AAE3-7920A090AECA}.CruiseControl.ActiveCfg = Release|.NET
		{C89595E6-47B1-4F41-AAE3-7920A090AECA}.CruiseControl.Build.0 = Release|.NET
		{C89595E6-47B1-4F41-AAE3-7920A090AECA}.Debug.ActiveCfg = Debug|.NET
		{C89595E6-47B1-4F41-AAE3-7920A090AECA}.Debug.Build.0 = Debug|.NET
		{C89595E6-47B1-4F41-AAE3-7920A090AECA}.Reader Debug.ActiveCfg = Debug|.NET
		{C89595E6-47B1-4F41-AAE3-7920A090AECA}.Reader Debug.Build.0 = Debug|.NET
		{C89595E6-47B1-4F41-AAE3-7920A090AECA}.Release.ActiveCfg = Release|.NET
		{C89595E6-47B1-4F41-AAE3-7920A090AECA}.Release.Build.0 = Release|.NET
		{C89595E6-47B1-4F41-AAE3-7920A090AECA}.Release MinDependency.ActiveCfg = Release|.NET
		{C89595E6-47B1-4F41-AAE3-7920A090AECA}.Release MinDependency.Build.0 = Release|.NET
		{C89595E6-47B1-4F41-AAE3-7920A090AECA}.Release MinSize.ActiveCfg = Release|.NET
		{C89595E6-47B1-4F41-AAE3-7920A090AECA}.Release MinSize.Build.0 = Release|.NET
		{996131BE-FF7C-4AB5-9500-1C8C7EBE5AF1}.CruiseControl.ActiveCfg = Release|.NET
		{996131BE-FF7C-4AB5-9500-1C8C7EBE5AF1}.CruiseControl.Build.0 = Release|.NET
		{996131BE-FF7C-4AB5-9500-1C8C7EBE5AF1}.Debug.ActiveCfg = Debug|.NET
		{996131BE-FF7C-4AB5-9500-1C8C7EBE5AF1}.Debug.Build.0 = Debug|.NET
		{996131BE-FF7C-4AB5-9500-1C8C7EBE5AF1}.Reader Debug.ActiveCfg = Debug|.NET
		{996131BE-FF7C-4AB5-9500-1C8C7EBE5AF1}.Reader Debug.Build.0 = Debug|.NET
		{996131BE-FF7C-4AB5-9500-1C8C7EBE5AF1}.Release.ActiveCfg = Release|.NET
		{996131BE-FF7C-4AB5-9500-1C8C7EBE5AF1}.Release.Build.0 = Release|.NET
		{996131BE-FF7C-4AB5-9500-1C8C7EBE5AF1}.Release MinDependency.ActiveCfg = Release|.NET
		{996131BE-FF7C-4AB5-9500-1C8C7EBE5AF1}.Release MinDependency.Build.0 = Release|.NET
		{996131BE-FF7C-4AB5-9500-1C8C7EBE5AF1}.Release MinSize.ActiveCfg = Release|.NET
		{996131BE-FF7C-4AB5-9500-1C8C7EBE5AF1}.Release MinSize.Build.0 = Release|.NET
		{676125C5-4B4A-4FE1-AB57-A3F22DA24476}.CruiseControl.ActiveCfg = Release|.NET
		{676125C5-4B4A-4FE1-AB57-A3F22DA24476}.CruiseControl.Build.0 = Release|.NET
		{676125C5-4B4A-4FE1-AB57-A3F22DA24476}.Debug.ActiveCfg = Debug|.NET
		{676125C5-4B4A-4FE1-AB57-A3F22DA24476}.Debug.Build.0 = Debug|.NET
		{676125C5-4B4A-4FE1-AB57-A3F22DA24476}.Reader Debug.ActiveCfg = Debug|.NET
		{676125C5-4B4A-4FE1-AB57-A3F22DA24476}.Reader Debug.Build.0 = Debug|.NET
		{676125C5-4B4A-4FE1-AB57-A3F22DA24476}.Release.ActiveCfg = Release|.NET
		{676125C5-4B4A-4FE1-AB57-A3F22DA24476}.Release.Build.0 = Release|.NET
		{676125C5-4B4A-4FE1-AB57-A3F22DA24476}.Release MinDependency.ActiveCfg = Release|.NET
		{676125C5-4B4A-4FE1-AB57-A3F22DA24476}.Release MinDependency.Build.0 = Release|.NET
		{676125C5-4B4A-4FE1-AB57-A3F22DA24476}.Release MinSize.ActiveCfg = Release|.NET
		{676125C5-4B4A-4FE1-AB57-A3F22DA24476}.Release MinSize.Build.0 = Release|.NET
		{DA5751AA-426D-46CB-9EC5-2E59EEBA1779}.CruiseControl.ActiveCfg = Release|.NET
		{DA5751AA-426D-46CB-9EC5-2E59EEBA1779}.CruiseControl.Build.0 = Release|.NET
		{DA5751AA-426D-46CB-9EC5-2E59EEBA1779}.Debug.ActiveCfg = Debug|.NET
		{DA5751AA-426D-46CB-9EC5-2E59EEBA1779}.Debug.Build.0 = Debug|.NET
		{DA5751AA-426D-46CB-9EC5-2E59EEBA1779}.Reader Debug.ActiveCfg = Debug|.NET
		{DA5751AA-426D-46CB-9EC5-2E59EEBA1779}.Reader Debug.Build.0 = Debug|.NET
		{DA5751AA-426D-46CB-9EC5-2E59EEBA1779}.Release.ActiveCfg = Release|.NET
		{DA5751AA-426D-46CB-9EC5-2E59EEBA1779}.Release.Build.0 = Release|.NET
		{DA5751AA-426D-46CB-9EC5-2E59EEBA1779}.Release MinDependency.ActiveCfg = Release|.NET
		{DA5751AA-426D-46CB-9EC5-2E59EEBA1779}.Release MinDependency.Build.0 = Release|.NET
		{DA5751AA-426D-46CB-9EC5-2E59EEBA1779}.Release MinSize.ActiveCfg = Release|.NET
		{DA5751AA-426D-46CB-9EC5-2E59EEBA1779}.Release MinSize.Build.0 = Release|.NET
		{B9825336-AED1-4C7A-9148-6D8F552A562A}.CruiseControl.ActiveCfg = Release|.NET
		{B9825336-AED1-4C7A-9148-6D8F552A562A}.CruiseControl.Build.0 = Release|.NET
		{B9825336-AED1-4C7A-9148-6D8F552A562A}.Debug.ActiveCfg = Debug|.NET
		{B9825336-AED1-4C7A-9148-6D8F552A562A}.Debug.Build.0 = Debug|.NET
		{B9825336-AED1-4C7A-9148-6D8F552A562A}.Reader Debug.ActiveCfg = Debug|.NET
		{B9825336-AED1-4C7A-9148-6D8F552A562A}.Reader Debug.Build.0 = Debug|.NET
		{B9825336-AED1-4C7A-9148-6D8F552A562A}.Release.ActiveCfg = Release|.NET
		{B9825336-AED1-4C7A-9148-6D8F552A562A}.Release.Build.0 = Release|.NET
		{B9825336-AED1-4C7A-9148-6D8F552A562A}.Release MinDependency.ActiveCfg = Release|.NET
		{B9825336-AED1-4C7A-9148-6D8F552A562A}.Release MinDependency.Build.0 = Release|.NET
		{B9825336-AED1-4C7A-9148-6D8F552A562A}.Release MinSize.ActiveCfg = Release|.NET
		{B9825336-AED1-4C7A-9148-6D8F552A562A}.Release MinSize.Build.0 = Release|.NET
		{08ACB798-2775-4B24-9B0C-00EE2A25E097}.CruiseControl.ActiveCfg = Release|.NET
		{08ACB798-2775-4B24-9B0C-00EE2A25E097}.CruiseControl.Build.0 = Release|.NET
		{08ACB798-2775-4B24-9B0C-00EE2A25E097}.Debug.ActiveCfg = Debug|.NET
		{08ACB798-2775-4B24-9B0C-00EE2A25E097}.Debug.Build.0 = Debug|.NET
		{08ACB798-2775-4B24-9B0C-00EE2A25E097}.Reader Debug.ActiveCfg = Debug|.NET
		{08ACB798-2775-4B24-9B0C-00EE2A25E097}.Reader Debug.Build.0 = Debug|.NET
		{08ACB798-2775-4B24-9B0C-00EE2A25E097}.Release.ActiveCfg = Release|.NET
		{08ACB798-2775-4B24-9B0C-00EE2A25E097}.Release.Build.0 = Release|.NET
		{08ACB798-2775-4B24-9B0C-00EE2A25E097}.Release MinDependency.ActiveCfg = Release|.NET
		{08ACB798-2775-4B24-9B0C-00EE2A25E097}.Release MinDependency.Build.0 = Release|.NET
		{08ACB798-2775-4B24-9B0C-00EE2A25E097}.Release MinSize.ActiveCfg = Release|.NET
		{08ACB798-2775-4B24-9B0C-00EE2A25E097}.Release MinSize.Build.0 = Release|.NET
		{FBA3FE22-40B1-4CA4-82F5-73C389FA8539}.CruiseControl.ActiveCfg = Release|.NET
		{FBA3FE22-40B1-4CA4-82F5-73C389FA8539}.CruiseControl.Build.0 = Release|.NET
		{FBA3FE22-40B1-4CA4-82F5-73C389FA8539}.Debug.ActiveCfg = Debug|.NET
		{FBA3FE22-40B1-4CA4-82F5-73C389FA8539}.Debug.Build.0 = Debug|.NET
		{FBA3FE22-40B1-4CA4-82F5-73C389FA8539}.Reader Debug.ActiveCfg = Debug|.NET
		{FBA3FE22-40B1-4CA4-82F5-73C389FA8539}.Reader Debug.Build.0 = Debug|.NET
		{FBA3FE22-40B1-4CA4-82F5-73C389FA8539}.Release.ActiveCfg = Release|.NET
		{FBA3FE22-40B1-4CA4-82F5-73C389FA8539}.Release.Build.0 = Release|.NET
		{FBA3FE22-40B1-4CA4-82F5-73C389FA8539}.Release MinDependency.ActiveCfg = Release|.NET
		{FBA3FE22-40B1-4CA4-82F5-73C389FA8539}.Release MinDependency.Build.0 = Release|.NET
		{FBA3FE22-40B1-4CA4-82F5-73C389FA8539}.Release MinSize.ActiveCfg = Release|.NET
		{FBA3FE22-40B1-4CA4-82F5-73C389FA8539}.Release MinSize.Build.0 = Release|.NET
		{1302A80F-8FE9-48DD-903F-90BCCA0FDB78}.CruiseControl.ActiveCfg = Release|.NET
		{1302A80F-8FE9-48DD-903F-90BCCA0FDB78}.CruiseControl.Build.0 = Release|.NET
		{1302A80F-8FE9-48DD-903F-90BCCA0FDB78}.Debug.ActiveCfg = Debug|.NET
		{1302A80F-8FE9-48DD-903F-90BCCA0FDB78}.Debug.Build.0 = Debug|.NET
		{1302A80F-8FE9-48DD-903F-90BCCA0FDB78}.Reader Debug.ActiveCfg = Debug|.NET
		{1302A80F-8FE9-48DD-903F-90BCCA0FDB78}.Reader Debug.Build.0 = Debug|.NET
		{1302A80F-8FE9-48DD-903F-90BCCA0FDB78}.Release.ActiveCfg = Release|.NET
		{1302A80F-8FE9-48DD-903F-90BCCA0FDB78}.Release.Build.0 = Release|.NET
		{1302A80F-8FE9-48DD-903F-90BCCA0FDB78}.Release MinDependency.ActiveCfg = Release|.NET
		{1302A80F-8FE9-48DD-903F-90BCCA0FDB78}.Release MinDependency.Build.0 = Release|.NET
		{1302A80F-8FE9-48DD-903F-90BCCA0FDB78}.Release MinSize.ActiveCfg = Release|.NET
		{1302A80F-8FE9-48DD-903F-90BCCA0FDB78}.Release MinSize.Build.0 = Release|.NET
		{6D463521-34B3-4DF1-8878-D48D8DAE623E}.CruiseControl.ActiveCfg = Release|.NET
		{6D463521-34B3-4DF1-8878-D48D8DAE623E}.CruiseControl.Build.0 = Release|.NET
		{6D463521-34B3-4DF1-8878-D48D8DAE623E}.Debug.ActiveCfg = Debug|.NET
		{6D463521-34B3-4DF1-8878-D48D8DAE623E}.Debug.Build.0 = Debug|.NET
		{6D463521-34B3-4DF1-8878-D48D8DAE623E}.Reader Debug.ActiveCfg = Debug|.NET
		{6D463521-34B3-4DF1-8878-D48D8DAE623E}.Reader Debug.Build.0 = Debug|.NET
		{6D463521-34B3-4DF1-8878-D48D8DAE623E}.Release.ActiveCfg = Release|.NET
		{6D463521-34B3-4DF1-8878-D48D8DAE623E}.Release.Build.0 = Release|.NET
		{6D463521-34B3-4DF1-8878-D48D8DAE623E}.Release MinDependency.ActiveCfg = Release|.NET
		{6D463521-34B3-4DF1-8878-D48D8DAE623E}.Release MinDependency.Build.0 = Release|.NET
		{6D463521-34B3-4DF1-8878-D48D8DAE623E}.Release MinSize.ActiveCfg = Release|.NET
		{6D463521-34B3-4DF1-8878-D48D8DAE623E}.Release MinSize.Build.0 = Release|.NET
		{FC06BCD5-15B6-453C-995A-C39EA7D9CE62}.CruiseControl.ActiveCfg = Release|.NET
		{FC06BCD5-15B6-453C-995A-C39EA7D9CE62}.CruiseControl.Build.0 = Release|.NET
		{FC06BCD5-15B6-453C-995A-C39EA7D9CE62}.Debug.ActiveCfg = Debug|.NET
		{FC06BCD5-15B6-453C-995A-C39EA7D9CE62}.Debug.Build.0 = Debug|.NET
		{FC06BCD5-15B6-453C-995A-C39EA7D9CE62}.Reader Debug.ActiveCfg = Debug|.NET
		{FC06BCD5-15B6-453C-995A-C39EA7D9CE62}.Reader Debug.Build.0 = Debug|.NET
		{FC06BCD5-15B6-453C-995A-C39EA7D9CE62}.Release.ActiveCfg = Release|.NET
		{FC06BCD5-15B6-453C-995A-C39EA7D9CE62}.Release.Build.0 = Release|.NET
		{FC06BCD5-15B6-453C-995A-C39EA7D9CE62}.Release MinDependency.ActiveCfg = Release|.NET
		{FC06BCD5-15B6-453C-995A-C39EA7D9CE62}.Release MinDependency.Build.0 = Release|.NET
		{FC06BCD5-15B6-453C-995A-C39EA7D9CE62}.Release MinSize.ActiveCfg = Release|.NET
		{FC06BCD5-15B6-453C-995A-C39EA7D9CE62}.Release MinSize.Build.0 = Release|.NET
		{971F984A-724F-4841-8AB9-6BB738C6E329}.CruiseControl.ActiveCfg = Release|.NET
		{971F984A-724F-4841-8AB9-6BB738C6E329}.CruiseControl.Build.0 = Release|.NET
		{971F984A-724F-4841-8AB9-6BB738C6E329}.Debug.ActiveCfg = Debug|.NET
		{971F984A-724F-4841-8AB9-6BB738C6E329}.Debug.Build.0 = Debug|.NET
		{971F984A-724F-4841-8AB9-6BB738C6E329}.Reader Debug.ActiveCfg = Debug|.NET
		{971F984A-724F-4841-8AB9-6BB738C6E329}.Reader Debug.Build.0 = Debug|.NET
		{971F984A-724F-4841-8AB9-6BB738C6E329}.Release.ActiveCfg = Release|.NET
		{971F984A-724F-4841-8AB9-6BB738C6E329}.Release.Build.0 = Release|.NET
		{971F984A-724F-4841-8AB9-6BB738C6E329}.Release MinDependency.ActiveCfg = Release|.NET
		{971F984A-724F-4841-8AB9-6BB738C6E329}.Release MinDependency.Build.0 = Release|.NET
		{971F984A-724F-4841-8AB9-6BB738C6E329}.Release MinSize.ActiveCfg = Release|.NET
		{971F984A-724F-4841-8AB9-6BB738C6E329}.Release MinSize.Build.0 = Release|.NET
		{C51AC545-EB62-4AC3-98AA-E98A666335C2}.CruiseControl.ActiveCfg = Release|.NET
		{C51AC545-EB62-4AC3-98AA-E98A666335C2}.CruiseControl.Build.0 = Release|.NET
		{C51AC545-EB62-4AC3-98AA-E98A666335C2}.Debug.ActiveCfg = Debug|.NET
		{C51AC545-EB62-4AC3-98AA-E98A666335C2}.Debug.Build.0 = Debug|.NET
		{C51AC545-EB62-4AC3-98AA-E98A666335C2}.Reader Debug.ActiveCfg = Debug|.NET
		{C51AC545-EB62-4AC3-98AA-E98A666335C2}.Reader Debug.Build.0 = Debug|.NET
		{C51AC545-EB62-4AC3-98AA-E98A666335C2}.Release.ActiveCfg = Release|.NET
		{C51AC545-EB62-4AC3-98AA-E98A666335C2}.Release.Build.0 = Release|.NET
		{C51AC545-EB62-4AC3-98AA-E98A666335C2}.Release MinDependency.ActiveCfg = Release|.NET
		{C51AC545-EB62-4AC3-98AA-E98A666335C2}.Release MinDependency.Build.0 = Release|.NET
		{C51AC545-EB62-4AC3-98AA-E98A666335C2}.Release MinSize.ActiveCfg = Release|.NET
		{C51AC545-EB62-4AC3-98AA-E98A666335C2}.Release MinSize.Build.0 = Release|.NET
		{6ABD562F-44A2-420A-8C1B-BEF261A17C05}.CruiseControl.ActiveCfg = Release|.NET
		{6ABD562F-44A2-420A-8C1B-BEF261A17C05}.CruiseControl.Build.0 = Release|.NET
		{6ABD562F-44A2-420A-8C1B-BEF261A17C05}.Debug.ActiveCfg = Debug|.NET
		{6ABD562F-44A2-420A-8C1B-BEF261A17C05}.Debug.Build.0 = Debug|.NET
		{6ABD562F-44A2-420A-8C1B-BEF261A17C05}.Reader Debug.ActiveCfg = Debug|.NET
		{6ABD562F-44A2-420A-8C1B-BEF261A17C05}.Reader Debug.Build.0 = Debug|.NET
		{6ABD562F-44A2-420A-8C1B-BEF261A17C05}.Release.ActiveCfg = Release|.NET
		{6ABD562F-44A2-420A-8C1B-BEF261A17C05}.Release.Build.0 = Release|.NET
		{6ABD562F-44A2-420A-8C1B-BEF261A17C05}.Release MinDependency.ActiveCfg = Release|.NET
		{6ABD562F-44A2-420A-8C1B-BEF261A17C05}.Release MinDependency.Build.0 = Release|.NET
		{6ABD562F-44A2-420A-8C1B-BEF261A17C05}.Release MinSize.ActiveCfg = Release|.NET
		{6ABD562F-44A2-420A-8C1B-BEF261A17C05}.Release MinSize.Build.0 = Release|.NET
		{DBD6ABD3-89CE-411B-8265-95366D2C1F60}.CruiseControl.ActiveCfg = Release|.NET
		{DBD6ABD3-89CE-411B-8265-95366D2C1F60}.CruiseControl.Build.0 = Release|.NET
		{DBD6ABD3-89CE-411B-8265-95366D2C1F60}.Debug.ActiveCfg = Debug|.NET
		{DBD6ABD3-89CE-411B-8265-95366D2C1F60}.Debug.Build.0 = Debug|.NET
		{DBD6ABD3-89CE-411B-8265-95366D2C1F60}.Reader Debug.ActiveCfg = Debug|.NET
		{DBD6ABD3-89CE-411B-8265-95366D2C1F60}.Reader Debug.Build.0 = Debug|.NET
		{DBD6ABD3-89CE-411B-8265-95366D2C1F60}.Release.ActiveCfg = Release|.NET
		{DBD6ABD3-89CE-411B-8265-95366D2C1F60}.Release.Build.0 = Release|.NET
		{DBD6ABD3-89CE-411B-8265-95366D2C1F60}.Release MinDependency.ActiveCfg = Release|.NET
		{DBD6ABD3-89CE-411B-8265-95366D2C1F60}.Release MinDependency.Build.0 = Release|.NET
		{DBD6ABD3-89CE-411B-8265-95366D2C1F60}.Release MinSize.ActiveCfg = Release|.NET
		{DBD6ABD3-89CE-411B-8265-95366D2C1F60}.Release MinSize.Build.0 = Release|.NET
		{CB2AAB94-A28F-4D46-84A7-66A4A2E06222}.CruiseControl.ActiveCfg = Release|.NET
		{CB2AAB94-A28F-4D46-84A7-66A4A2E06222}.CruiseControl.Build.0 = Release|.NET
		{CB2AAB94-A28F-4D46-84A7-66A4A2E06222}.Debug.ActiveCfg = Debug|.NET
		{CB2AAB94-A28F-4D46-84A7-66A4A2E06222}.Debug.Build.0 = Debug|.NET
		{CB2AAB94-A28F-4D46-84A7-66A4A2E06222}.Reader Debug.ActiveCfg = Debug|.NET
		{CB2AAB94-A28F-4D46-84A7-66A4A2E06222}.Reader Debug.Build.0 = Debug|.NET
		{CB2AAB94-A28F-4D46-84A7-66A4A2E06222}.Release.ActiveCfg = Release|.NET
		{CB2AAB94-A28F-4D46-84A7-66A4A2E06222}.Release.Build.0 = Release|.NET
		{CB2AAB94-A28F-4D46-84A7-66A4A2E06222}.Release MinDependency.ActiveCfg = Release|.NET
		{CB2AAB94-A28F-4D46-84A7-66A4A2E06222}.Release MinDependency.Build.0 = Release|.NET
		{CB2AAB94-A28F-4D46-84A7-66A4A2E06222}.Release MinSize.ActiveCfg = Release|.NET
		{CB2AAB94-A28F-4D46-84A7-66A4A2E06222}.Release MinSize.Build.0 = Release|.NET
		{BE9013E3-687A-4685-8531-132C9D5C3BA4}.CruiseControl.ActiveCfg = Release|.NET
		{BE9013E3-687A-4685-8531-132C9D5C3BA4}.CruiseControl.Build.0 = Release|.NET
		{BE9013E3-687A-4685-8531-132C9D5C3BA4}.Debug.ActiveCfg = Debug|.NET
		{BE9013E3-687A-4685-8531-132C9D5C3BA4}.Debug.Build.0 = Debug|.NET
		{BE9013E3-687A-4685-8531-132C9D5C3BA4}.Reader Debug.ActiveCfg = Debug|.NET
		{BE9013E3-687A-4685-8531-132C9D5C3BA4}.Reader Debug.Build.0 = Debug|.NET
		{BE9013E3-687A-4685-8531-132C9D5C3BA4}.Release.ActiveCfg = Release|.NET
		{BE9013E3-687A-4685-8531-132C9D5C3BA4}.Release.Build.0 = Release|.NET
		{BE9013E3-687A-4685-8531-132C9D5C3BA4}.Release MinDependency.ActiveCfg = Release|.NET
		{BE9013E3-687A-4685-8531-132C9D5C3BA4}.Release MinDependency.Build.0 = Release|.NET
		{BE9013E3-687A-4685-8531-132C9D5C3BA4}.Release MinSize.ActiveCfg = Release|.NET
		{BE9013E3-687A-4685-8531-132C9D5C3BA4}.Release MinSize.Build.0 = Release|.NET
		{F21BD0AE-FF4B-42C3-8019-9592EF9BB5FF}.CruiseControl.ActiveCfg = Release|.NET
		{F21BD0AE-FF4B-42C3-8019-9592EF9BB5FF}.CruiseControl.Build.0 = Release|.NET
		{F21BD0AE-FF4B-42C3-8019-9592EF9BB5FF}.Debug.ActiveCfg = Debug|.NET
		{F21BD0AE-FF4B-42C3-8019-9592EF9BB5FF}.Debug.Build.0 = Debug|.NET
		{F21BD0AE-FF4B-42C3-8019-9592EF9BB5FF}.Reader Debug.ActiveCfg = Debug|.NET
		{F21BD0AE-FF4B-42C3-8019-9592EF9BB5FF}.Reader Debug.Build.0 = Debug|.NET
		{F21BD0AE-FF4B-42C3-8019-9592EF9BB5FF}.Release.ActiveCfg = Release|.NET
		{F21BD0AE-FF4B-42C3-8019-9592EF9BB5FF}.Release.Build.0 = Release|.NET
		{F21BD0AE-FF4B-42C3-8019-9592EF9BB5FF}.Release MinDependency.ActiveCfg = Release|.NET
		{F21BD0AE-FF4B-42C3-8019-9592EF9BB5FF}.Release MinDependency.Build.0 = Release|.NET
		{F21BD0AE-FF4B-42C3-8019-9592EF9BB5FF}.Release MinSize.ActiveCfg = Release|.NET
		{F21BD0AE-FF4B-42C3-8019-9592EF9BB5FF}.Release MinSize.Build.0 = Release|.NET
		{EC3FDB0D-539E-407E-8AC8-9CFE507F9185}.CruiseControl.ActiveCfg = Release|.NET
		{EC3FDB0D-539E-407E-8AC8-9CFE507F9185}.CruiseControl.Build.0 = Release|.NET
		{EC3FDB0D-539E-407E-8AC8-9CFE507F9185}.Debug.ActiveCfg = Debug|.NET
		{EC3FDB0D-539E-407E-8AC8-9CFE507F9185}.Debug.Build.0 = Debug|.NET
		{EC3FDB0D-539E-407E-8AC8-9CFE507F9185}.Reader Debug.ActiveCfg = Debug|.NET
		{EC3FDB0D-539E-407E-8AC8-9CFE507F9185}.Reader Debug.Build.0 = Debug|.NET
		{EC3FDB0D-539E-407E-8AC8-9CFE507F9185}.Release.ActiveCfg = Release|.NET
		{EC3FDB0D-539E-407E-8AC8-9CFE507F9185}.Release.Build.0 = Release|.NET
		{EC3FDB0D-539E-407E-8AC8-9CFE507F9185}.Release MinDependency.ActiveCfg = Release|.NET
		{EC3FDB0D-539E-407E-8AC8-9CFE507F9185}.Release MinDependency.Build.0 = Release|.NET
		{EC3FDB0D-539E-407E-8AC8-9CFE507F9185}.Release MinSize.ActiveCfg = Release|.NET
		{EC3FDB0D-539E-407E-8AC8-9CFE507F9185}.Release MinSize.Build.0 = Release|.NET
		{C566FC33-8FD9-482F-9E2C-6E87DB0B5BF7}.CruiseControl.ActiveCfg = Release|.NET
		{C566FC33-8FD9-482F-9E2C-6E87DB0B5BF7}.CruiseControl.Build.0 = Release|.NET
		{C566FC33-8FD9-482F-9E2C-6E87DB0B5BF7}.Debug.ActiveCfg = Debug|.NET
		{C566FC33-8FD9-482F-9E2C-6E87DB0B5BF7}.Debug.Build.0 = Debug|.NET
		{C566FC33-8FD9-482F-9E2C-6E87DB0B5BF7}.Reader Debug.ActiveCfg = Debug|.NET
		{C566FC33-8FD9-482F-9E2C-6E87DB0B5BF7}.Reader Debug.Build.0 = Debug|.NET
		{C566FC33-8FD9-482F-9E2C-6E87DB0B5BF7}.Release.ActiveCfg = Release|.NET
		{C566FC33-8FD9-482F-9E2C-6E87DB0B5BF7}.Release.Build.0 = Release|.NET
		{C566FC33-8FD9-482F-9E2C-6E87DB0B5BF7}.Release MinDependency.ActiveCfg = Release|.NET
		{C566FC33-8FD9-482F-9E2C-6E87DB0B5BF7}.Release MinDependency.Build.0 = Release|.NET
		{C566FC33-8FD9-482F-9E2C-6E87DB0B5BF7}.Release MinSize.ActiveCfg = Release|.NET
		{C566FC33-8FD9-482F-9E2C-6E87DB0B5BF7}.Release MinSize.Build.0 = Release|.NET
		{3425C94D-5576-44AF-B796-F160920AEE92}.CruiseControl.ActiveCfg = Release|.NET
		{3425C94D-5576-44AF-B796-F160920AEE92}.CruiseControl.Build.0 = Release|.NET
		{3425C94D-5576-44AF-B796-F160920AEE92}.Debug.ActiveCfg = Debug|.NET
		{3425C94D-5576-44AF-B796-F160920AEE92}.Debug.Build.0 = Debug|.NET
		{3425C94D-5576-44AF-B796-F160920AEE92}.Reader Debug.ActiveCfg = Debug|.NET
		{3425C94D-5576-44AF-B796-F160920AEE92}.Reader Debug.Build.0 = Debug|.NET
		{3425C94D-5576-44AF-B796-F160920AEE92}.Release.ActiveCfg = Release|.NET
		{3425C94D-5576-44AF-B796-F160920AEE92}.Release.Build.0 = Release|.NET
		{3425C94D-5576-44AF-B796-F160920AEE92}.Release MinDependency.ActiveCfg = Release|.NET
		{3425C94D-5576-44AF-B796-F160920AEE92}.Release MinDependency.Build.0 = Release|.NET
		{3425C94D-5576-44AF-B796-F160920AEE92}.Release MinSize.ActiveCfg = Release|.NET
		{3425C94D-5576-44AF-B796-F160920AEE92}.Release MinSize.Build.0 = Release|.NET
		{DE273A0B-CAD2-4292-B7B5-14E8A0131EC1}.CruiseControl.ActiveCfg = Release|Win32
		{DE273A0B-CAD2-4292-B7B5-14E8A0131EC1}.CruiseControl.Build.0 = Release|Win32
		{DE273A0B-CAD2-4292-B7B5-14E8A0131EC1}.Debug.ActiveCfg = Debug|Win32
		{DE273A0B-CAD2-4292-B7B5-14E8A0131EC1}.Debug.Build.0 = Debug|Win32
		{DE273A0B-CAD2-4292-B7B5-14E8A0131EC1}.Reader Debug.ActiveCfg = Debug|Win32
		{DE273A0B-CAD2-4292-B7B5-14E8A0131EC1}.Reader Debug.Build.0 = Debug|Win32
		{DE273A0B-CAD2-4292-B7B5-14E8A0131EC1}.Release.ActiveCfg = Release|Win32
		{DE273A0B-CAD2-4292-B7B5-14E8A0131EC1}.Release.Build.0 = Release|Win32
		{DE273A0B-CAD2-4292-B7B5-14E8A0131EC1}.Release MinDependency.ActiveCfg = Release|Win32
		{DE273A0B-CAD2-4292-B7B5-14E8A0131EC1}.Release MinDependency.Build.0 = Release|Win32
		{DE273A0B-CAD2-4292-B7B5-14E8A0131EC1}.Release MinSize.ActiveCfg = Release|Win32
		{DE273A0B-CAD2-4292-B7B5-14E8A0131EC1}.Release MinSize.Build.0 = Release|Win32
		{7324F8A3-E741-451A-8428-BCD71E464A89}.CruiseControl.ActiveCfg = Release|Win32
		{7324F8A3-E741-451A-8428-BCD71E464A89}.CruiseControl.Build.0 = Release|Win32
		{7324F8A3-E741-451A-8428-BCD71E464A89}.Debug.ActiveCfg = Debug|Win32
		{7324F8A3-E741-451A-8428-BCD71E464A89}.Debug.Build.0 = Debug|Win32
		{7324F8A3-E741-451A-8428-BCD71E464A89}.Reader Debug.ActiveCfg = Debug|Win32
		{7324F8A3-E741-451A-8428-BCD71E464A89}.Reader Debug.Build.0 = Debug|Win32
		{7324F8A3-E741-451A-8428-BCD71E464A89}.Release.ActiveCfg = Release|Win32
		{7324F8A3-E741-451A-8428-BCD71E464A89}.Release.Build.0 = Release|Win32
		{7324F8A3-E741-451A-8428-BCD71E464A89}.Release MinDependency.ActiveCfg = Release|Win32
		{7324F8A3-E741-451A-8428-BCD71E464A89}.Release MinDependency.Build.0 = Release|Win32
		{7324F8A3-E741-451A-8428-BCD71E464A89}.Release MinSize.ActiveCfg = Release|Win32
		{7324F8A3-E741-451A-8428-BCD71E464A89}.Release MinSize.Build.0 = Release|Win32
		{7A408FED-BB8D-4551-8D8C-D93B752DC237}.CruiseControl.ActiveCfg = Release|.NET
		{7A408FED-BB8D-4551-8D8C-D93B752DC237}.CruiseControl.Build.0 = Release|.NET
		{7A408FED-BB8D-4551-8D8C-D93B752DC237}.Debug.ActiveCfg = Debug|.NET
		{7A408FED-BB8D-4551-8D8C-D93B752DC237}.Debug.Build.0 = Debug|.NET
		{7A408FED-BB8D-4551-8D8C-D93B752DC237}.Reader Debug.ActiveCfg = Debug|.NET
		{7A408FED-BB8D-4551-8D8C-D93B752DC237}.Reader Debug.Build.0 = Debug|.NET
		{7A408FED-BB8D-4551-8D8C-D93B752DC237}.Release.ActiveCfg = Release|.NET
		{7A408FED-BB8D-4551-8D8C-D93B752DC237}.Release.Build.0 = Release|.NET
		{7A408FED-BB8D-4551-8D8C-D93B752DC237}.Release MinDependency.ActiveCfg = Release|.NET
		{7A408FED-BB8D-4551-8D8C-D93B752DC237}.Release MinDependency.Build.0 = Release|.NET
		{7A408FED-BB8D-4551-8D8C-D93B752DC237}.Release MinSize.ActiveCfg = Release|.NET
		{7A408FED-BB8D-4551-8D8C-D93B752DC237}.Release MinSize.Build.0 = Release|.NET
		{CA4EAE57-1EB2-4471-A03B-9D8D8C2CE6C5}.CruiseControl.ActiveCfg = Release|Win32
		{CA4EAE57-1EB2-4471-A03B-9D8D8C2CE6C5}.CruiseControl.Build.0 = Release|Win32
		{CA4EAE57-1EB2-4471-A03B-9D8D8C2CE6C5}.Debug.ActiveCfg = Debug|Win32
		{CA4EAE57-1EB2-4471-A03B-9D8D8C2CE6C5}.Debug.Build.0 = Debug|Win32
		{CA4EAE57-1EB2-4471-A03B-9D8D8C2CE6C5}.Reader Debug.ActiveCfg = Debug|Win32
		{CA4EAE57-1EB2-4471-A03B-9D8D8C2CE6C5}.Reader Debug.Build.0 = Debug|Win32
		{CA4EAE57-1EB2-4471-A03B-9D8D8C2CE6C5}.Release.ActiveCfg = Release|Win32
		{CA4EAE57-1EB2-4471-A03B-9D8D8C2CE6C5}.Release.Build.0 = Release|Win32
		{CA4EAE57-1EB2-4471-A03B-9D8D8C2CE6C5}.Release MinDependency.ActiveCfg = Release|Win32
		{CA4EAE57-1EB2-4471-A03B-9D8D8C2CE6C5}.Release MinDependency.Build.0 = Release|Win32
		{CA4EAE57-1EB2-4471-A03B-9D8D8C2CE6C5}.Release MinSize.ActiveCfg = Release|Win32
		{CA4EAE57-1EB2-4471-A03B-9D8D8C2CE6C5}.Release MinSize.Build.0 = Release|Win32
		{D022CCB6-4958-44DD-8175-E9AA181E6F41}.CruiseControl.ActiveCfg = Release|.NET
		{D022CCB6-4958-44DD-8175-E9AA181E6F41}.CruiseControl.Build.0 = Release|.NET
		{D022CCB6-4958-44DD-8175-E9AA181E6F41}.Debug.ActiveCfg = Debug|.NET
		{D022CCB6-4958-44DD-8175-E9AA181E6F41}.Debug.Build.0 = Debug|.NET
		{D022CCB6-4958-44DD-8175-E9AA181E6F41}.Reader Debug.ActiveCfg = Debug|.NET
		{D022CCB6-4958-44DD-8175-E9AA181E6F41}.Reader Debug.Build.0 = Debug|.NET
		{D022CCB6-4958-44DD-8175-E9AA181E6F41}.Release.ActiveCfg = Release|.NET
		{D022CCB6-4958-44DD-8175-E9AA181E6F41}.Release.Build.0 = Release|.NET
		{D022CCB6-4958-44DD-8175-E9AA181E6F41}.Release MinDependency.ActiveCfg = Release|.NET
		{D022CCB6-4958-44DD-8175-E9AA181E6F41}.Release MinDependency.Build.0 = Release|.NET
		{D022CCB6-4958-44DD-8175-E9AA181E6F41}.Release MinSize.ActiveCfg = Release|.NET
		{D022CCB6-4958-44DD-8175-E9AA181E6F41}.Release MinSize.Build.0 = Release|.NET
		{7C78C137-1425-4561-8989-945B89B26961}.CruiseControl.ActiveCfg = Release|.NET
		{7C78C137-1425-4561-8989-945B89B26961}.CruiseControl.Build.0 = Release|.NET
		{7C78C137-1425-4561-8989-945B89B26961}.Debug.ActiveCfg = Debug|.NET
		{7C78C137-1425-4561-8989-945B89B26961}.Debug.Build.0 = Debug|.NET
		{7C78C137-1425-4561-8989-945B89B26961}.Reader Debug.ActiveCfg = Debug|.NET
		{7C78C137-1425-4561-8989-945B89B26961}.Reader Debug.Build.0 = Debug|.NET
		{7C78C137-1425-4561-8989-945B89B26961}.Release.ActiveCfg = Release|.NET
		{7C78C137-1425-4561-8989-945B89B26961}.Release.Build.0 = Release|.NET
		{7C78C137-1425-4561-8989-945B89B26961}.Release MinDependency.ActiveCfg = Release|.NET
		{7C78C137-1425-4561-8989-945B89B26961}.Release MinDependency.Build.0 = Release|.NET
		{7C78C137-1425-4561-8989-945B89B26961}.Release MinSize.ActiveCfg = Release|.NET
		{7C78C137-1425-4561-8989-945B89B26961}.Release MinSize.Build.0 = Release|.NET
		{C0A16CD4-73A8-496A-94C9-19E26C2C65B6}.CruiseControl.ActiveCfg = Release|.NET
		{C0A16CD4-73A8-496A-94C9-19E26C2C65B6}.CruiseControl.Build.0 = Release|.NET
		{C0A16CD4-73A8-496A-94C9-19E26C2C65B6}.Debug.ActiveCfg = Debug|.NET
		{C0A16CD4-73A8-496A-94C9-19E26C2C65B6}.Debug.Build.0 = Debug|.NET
		{C0A16CD4-73A8-496A-94C9-19E26C2C65B6}.Reader Debug.ActiveCfg = Debug|.NET
		{C0A16CD4-73A8-496A-94C9-19E26C2C65B6}.Reader Debug.Build.0 = Debug|.NET
		{C0A16CD4-73A8-496A-94C9-19E26C2C65B6}.Release.ActiveCfg = Release|.NET
		{C0A16CD4-73A8-496A-94C9-19E26C2C65B6}.Release.Build.0 = Release|.NET
		{C0A16CD4-73A8-496A-94C9-19E26C2C65B6}.Release MinDependency.ActiveCfg = Release|.NET
		{C0A16CD4-73A8-496A-94C9-19E26C2C65B6}.Release MinDependency.Build.0 = Release|.NET
		{C0A16CD4-73A8-496A-94C9-19E26C2C65B6}.Release MinSize.ActiveCfg = Release|.NET
		{C0A16CD4-73A8-496A-94C9-19E26C2C65B6}.Release MinSize.Build.0 = Release|.NET
		{F21BD0AE-FF4B-42C3-8019-9592EF9BB5FF}.CruiseControl.ActiveCfg = Release|.NET
		{F21BD0AE-FF4B-42C3-8019-9592EF9BB5FF}.CruiseControl.Build.0 = Release|.NET
		{F21BD0AE-FF4B-42C3-8019-9592EF9BB5FF}.Debug.ActiveCfg = Debug|.NET
		{F21BD0AE-FF4B-42C3-8019-9592EF9BB5FF}.Debug.Build.0 = Debug|.NET
		{F21BD0AE-FF4B-42C3-8019-9592EF9BB5FF}.Reader Debug.ActiveCfg = Debug|.NET
		{F21BD0AE-FF4B-42C3-8019-9592EF9BB5FF}.Reader Debug.Build.0 = Debug|.NET
		{F21BD0AE-FF4B-42C3-8019-9592EF9BB5FF}.Release.ActiveCfg = Release|.NET
		{F21BD0AE-FF4B-42C3-8019-9592EF9BB5FF}.Release.Build.0 = Release|.NET
		{F21BD0AE-FF4B-42C3-8019-9592EF9BB5FF}.Release MinDependency.ActiveCfg = Release|.NET
		{F21BD0AE-FF4B-42C3-8019-9592EF9BB5FF}.Release MinDependency.Build.0 = Release|.NET
		{F21BD0AE-FF4B-42C3-8019-9592EF9BB5FF}.Release MinSize.ActiveCfg = Release|.NET
		{F21BD0AE-FF4B-42C3-8019-9592EF9BB5FF}.Release MinSize.Build.0 = Release|.NET
		{CB9C489B-FDAE-49BC-B379-2DFBA6A9FB85}.CruiseControl.ActiveCfg = Release|Win32
		{CB9C489B-FDAE-49BC-B379-2DFBA6A9FB85}.CruiseControl.Build.0 = Release|Win32
		{CB9C489B-FDAE-49BC-B379-2DFBA6A9FB85}.Debug.ActiveCfg = Debug|Win32
		{CB9C489B-FDAE-49BC-B379-2DFBA6A9FB85}.Debug.Build.0 = Debug|Win32
		{CB9C489B-FDAE-49BC-B379-2DFBA6A9FB85}.Reader Debug.ActiveCfg = Debug|Win32
		{CB9C489B-FDAE-49BC-B379-2DFBA6A9FB85}.Reader Debug.Build.0 = Debug|Win32
		{CB9C489B-FDAE-49BC-B379-2DFBA6A9FB85}.Release.ActiveCfg = Release|Win32
		{CB9C489B-FDAE-49BC-B379-2DFBA6A9FB85}.Release.Build.0 = Release|Win32
		{CB9C489B-FDAE-49BC-B379-2DFBA6A9FB85}.Release MinDependency.ActiveCfg = Release|Win32
		{CB9C489B-FDAE-49BC-B379-2DFBA6A9FB85}.Release MinDependency.Build.0 = Release|Win32
		{CB9C489B-FDAE-49BC-B379-2DFBA6A9FB85}.Release MinSize.ActiveCfg = Release|Win32
		{CB9C489B-FDAE-49BC-B379-2DFBA6A9FB85}.Release MinSize.Build.0 = Release|Win32
		{4D08EA48-F2BE-418B-AE1C-4925A7647F37}.CruiseControl.ActiveCfg = Release|.NET
		{4D08EA48-F2BE-418B-AE1C-4925A7647F37}.CruiseControl.Build.0 = Release|.NET
		{4D08EA48-F2BE-418B-AE1C-4925A7647F37}.Debug.ActiveCfg = Debug|.NET
		{4D08EA48-F2BE-418B-AE1C-4925A7647F37}.Debug.Build.0 = Debug|.NET
		{4D08EA48-F2BE-418B-AE1C-4925A7647F37}.Reader Debug.ActiveCfg = Debug|.NET
		{4D08EA48-F2BE-418B-AE1C-4925A7647F37}.Reader Debug.Build.0 = Debug|.NET
		{4D08EA48-F2BE-418B-AE1C-4925A7647F37}.Release.ActiveCfg = Release|.NET
		{4D08EA48-F2BE-418B-AE1C-4925A7647F37}.Release.Build.0 = Release|.NET
		{4D08EA48-F2BE-418B-AE1C-4925A7647F37}.Release MinDependency.ActiveCfg = Release|.NET
		{4D08EA48-F2BE-418B-AE1C-4925A7647F37}.Release MinDependency.Build.0 = Release|.NET
		{4D08EA48-F2BE-418B-AE1C-4925A7647F37}.Release MinSize.ActiveCfg = Release|.NET
		{4D08EA48-F2BE-418B-AE1C-4925A7647F37}.Release MinSize.Build.0 = Release|.NET
		{095A65E9-D852-420E-A1AD-DD795916D5A6}.CruiseControl.ActiveCfg = Release|.NET
		{095A65E9-D852-420E-A1AD-DD795916D5A6}.CruiseControl.Build.0 = Release|.NET
		{095A65E9-D852-420E-A1AD-DD795916D5A6}.Debug.ActiveCfg = Debug|.NET
		{095A65E9-D852-420E-A1AD-DD795916D5A6}.Debug.Build.0 = Debug|.NET
		{095A65E9-D852-420E-A1AD-DD795916D5A6}.Reader Debug.ActiveCfg = Debug|.NET
		{095A65E9-D852-420E-A1AD-DD795916D5A6}.Reader Debug.Build.0 = Debug|.NET
		{095A65E9-D852-420E-A1AD-DD795916D5A6}.Release.ActiveCfg = Release|.NET
		{095A65E9-D852-420E-A1AD-DD795916D5A6}.Release.Build.0 = Release|.NET
		{095A65E9-D852-420E-A1AD-DD795916D5A6}.Release MinDependency.ActiveCfg = Release|.NET
		{095A65E9-D852-420E-A1AD-DD795916D5A6}.Release MinDependency.Build.0 = Release|.NET
		{095A65E9-D852-420E-A1AD-DD795916D5A6}.Release MinSize.ActiveCfg = Release|.NET
		{095A65E9-D852-420E-A1AD-DD795916D5A6}.Release MinSize.Build.0 = Release|.NET
		{5BFA5A70-D384-4417-AFCC-5C744485A85F}.CruiseControl.ActiveCfg = Release|.NET
		{5BFA5A70-D384-4417-AFCC-5C744485A85F}.CruiseControl.Build.0 = Release|.NET
		{5BFA5A70-D384-4417-AFCC-5C744485A85F}.Debug.ActiveCfg = Debug|.NET
		{5BFA5A70-D384-4417-AFCC-5C744485A85F}.Debug.Build.0 = Debug|.NET
		{5BFA5A70-D384-4417-AFCC-5C744485A85F}.Reader Debug.ActiveCfg = Debug|.NET
		{5BFA5A70-D384-4417-AFCC-5C744485A85F}.Reader Debug.Build.0 = Debug|.NET
		{5BFA5A70-D384-4417-AFCC-5C744485A85F}.Release.ActiveCfg = Release|.NET
		{5BFA5A70-D384-4417-AFCC-5C744485A85F}.Release.Build.0 = Release|.NET
		{5BFA5A70-D384-4417-AFCC-5C744485A85F}.Release MinDependency.ActiveCfg = Release|.NET
		{5BFA5A70-D384-4417-AFCC-5C744485A85F}.Release MinDependency.Build.0 = Release|.NET
		{5BFA5A70-D384-4417-AFCC-5C744485A85F}.Release MinSize.ActiveCfg = Release|.NET
		{5BFA5A70-D384-4417-AFCC-5C744485A85F}.Release MinSize.Build.0 = Release|.NET
		{4FA44D90-AE80-47B8-9002-B71C61831126}.CruiseControl.ActiveCfg = Release|.NET
		{4FA44D90-AE80-47B8-9002-B71C61831126}.CruiseControl.Build.0 = Release|.NET
		{4FA44D90-AE80-47B8-9002-B71C61831126}.Debug.ActiveCfg = Debug|.NET
		{4FA44D90-AE80-47B8-9002-B71C61831126}.Debug.Build.0 = Debug|.NET
		{4FA44D90-AE80-47B8-9002-B71C61831126}.Reader Debug.ActiveCfg = Debug|.NET
		{4FA44D90-AE80-47B8-9002-B71C61831126}.Reader Debug.Build.0 = Debug|.NET
		{4FA44D90-AE80-47B8-9002-B71C61831126}.Release.ActiveCfg = Release|.NET
		{4FA44D90-AE80-47B8-9002-B71C61831126}.Release.Build.0 = Release|.NET
		{4FA44D90-AE80-47B8-9002-B71C61831126}.Release MinDependency.ActiveCfg = Release|.NET
		{4FA44D90-AE80-47B8-9002-B71C61831126}.Release MinDependency.Build.0 = Release|.NET
		{4FA44D90-AE80-47B8-9002-B71C61831126}.Release MinSize.ActiveCfg = Release|.NET
		{4FA44D90-AE80-47B8-9002-B71C61831126}.Release MinSize.Build.0 = Release|.NET
		{F143C8CF-F540-4CEE-9D6B-48F583A3B955}.CruiseControl.ActiveCfg = Release|.NET
		{F143C8CF-F540-4CEE-9D6B-48F583A3B955}.CruiseControl.Build.0 = Release|.NET
		{F143C8CF-F540-4CEE-9D6B-48F583A3B955}.Debug.ActiveCfg = Debug|.NET
		{F143C8CF-F540-4CEE-9D6B-48F583A3B955}.Debug.Build.0 = Debug|.NET
		{F143C8CF-F540-4CEE-9D6B-48F583A3B955}.Reader Debug.ActiveCfg = Debug|.NET
		{F143C8CF-F540-4CEE-9D6B-48F583A3B955}.Reader Debug.Build.0 = Debug|.NET
		{F143C8CF-F540-4CEE-9D6B-48F583A3B955}.Release.ActiveCfg = Release|.NET
		{F143C8CF-F540-4CEE-9D6B-48F583A3B955}.Release.Build.0 = Release|.NET
		{F143C8CF-F540-4CEE-9D6B-48F583A3B955}.Release MinDependency.ActiveCfg = Release|.NET
		{F143C8CF-F540-4CEE-9D6B-48F583A3B955}.Release MinDependency.Build.0 = Release|.NET
		{F143C8CF-F540-4CEE-9D6B-48F583A3B955}.Release MinSize.ActiveCfg = Release|.NET
		{F143C8CF-F540-4CEE-9D6B-48F583A3B955}.Release MinSize.Build.0 = Release|.NET
		{5D201045-B431-4475-8FDF-9FDBCF4B203F}.CruiseControl.ActiveCfg = Release|.NET
		{5D201045-B431-4475-8FDF-9FDBCF4B203F}.CruiseControl.Build.0 = Release|.NET
		{5D201045-B431-4475-8FDF-9FDBCF4B203F}.Debug.ActiveCfg = Debug|.NET
		{5D201045-B431-4475-8FDF-9FDBCF4B203F}.Debug.Build.0 = Debug|.NET
		{5D201045-B431-4475-8FDF-9FDBCF4B203F}.Reader Debug.ActiveCfg = Debug|.NET
		{5D201045-B431-4475-8FDF-9FDBCF4B203F}.Reader Debug.Build.0 = Debug|.NET
		{5D201045-B431-4475-8FDF-9FDBCF4B203F}.Release.ActiveCfg = Release|.NET
		{5D201045-B431-4475-8FDF-9FDBCF4B203F}.Release.Build.0 = Release|.NET
		{5D201045-B431-4475-8FDF-9FDBCF4B203F}.Release MinDependency.ActiveCfg = Release|.NET
		{5D201045-B431-4475-8FDF-9FDBCF4B203F}.Release MinDependency.Build.0 = Release|.NET
		{5D201045-B431-4475-8FDF-9FDBCF4B203F}.Release MinSize.ActiveCfg = Release|.NET
		{5D201045-B431-4475-8FDF-9FDBCF4B203F}.Release MinSize.Build.0 = Release|.NET
		{02743D59-96B7-4BB4-B1F4-479911CFEAC1}.CruiseControl.ActiveCfg = Release|.NET
		{02743D59-96B7-4BB4-B1F4-479911CFEAC1}.CruiseControl.Build.0 = Release|.NET
		{02743D59-96B7-4BB4-B1F4-479911CFEAC1}.Debug.ActiveCfg = Debug|.NET
		{02743D59-96B7-4BB4-B1F4-479911CFEAC1}.Debug.Build.0 = Debug|.NET
		{02743D59-96B7-4BB4-B1F4-479911CFEAC1}.Reader Debug.ActiveCfg = Debug|.NET
		{02743D59-96B7-4BB4-B1F4-479911CFEAC1}.Reader Debug.Build.0 = Debug|.NET
		{02743D59-96B7-4BB4-B1F4-479911CFEAC1}.Release.ActiveCfg = Release|.NET
		{02743D59-96B7-4BB4-B1F4-479911CFEAC1}.Release.Build.0 = Release|.NET
		{02743D59-96B7-4BB4-B1F4-479911CFEAC1}.Release MinDependency.ActiveCfg = Release|.NET
		{02743D59-96B7-4BB4-B1F4-479911CFEAC1}.Release MinDependency.Build.0 = Release|.NET
		{02743D59-96B7-4BB4-B1F4-479911CFEAC1}.Release MinSize.ActiveCfg = Release|.NET
		{02743D59-96B7-4BB4-B1F4-479911CFEAC1}.Release MinSize.Build.0 = Release|.NET
	EndGlobalSection
	GlobalSection(SolutionItems) = postSolution
		..\Default.build = ..\Default.build
		..\DevRun.cmd = ..\DevRun.cmd
		..\OmeaCompile.build = ..\OmeaCompile.build
		..\OmeaTest.build = ..\OmeaTest.build
		..\OmniaMea.build = ..\OmniaMea.build
	EndGlobalSection
	GlobalSection(ExtensibilityGlobals) = postSolution
	EndGlobalSection
	GlobalSection(ExtensibilityAddIns) = postSolution
	EndGlobalSection
	GlobalSection(DPCodeReviewSolutionGUID) = preSolution
		DPCodeReviewSolutionGUID = {00000000-0000-0000-0000-000000000000}
	EndGlobalSection
EndGlobal
