Microsoft Visual Studio Solution File, Format Version 8.00
Project("{FAE04EC0-301F-11D3-BF4B-00C04F79EFBC}") = "Dictionary", "Dictionary.csproj", "{A7DC4D43-C677-40A8-BCCA-85A40C976334}"
	ProjectSection(ProjectDependencies) = postProject
	EndProjectSection
EndProject
Global
	GlobalSection(DPCodeReviewSolutionGUID) = preSolution
		DPCodeReviewSolutionGUID = {00000000-0000-0000-0000-000000000000}
	EndGlobalSection
	GlobalSection(SourceCodeControl) = preSolution
		SccNumberOfProjects = 2
		SccProjectName0 = Perforce\u0020Project
		SccLocalPath0 = .
		SccProvider0 = MSSCCI:Perforce\u0020SCM
		CanCheckoutShared = true
		SolutionUniqueID = {4EBFE3C1-33FE-4F0D-800D-71DE81AA9310}
		SccProjectUniqueName1 = Dictionary.csproj
		SccLocalPath1 = .
		CanCheckoutShared = true
	EndGlobalSection
	GlobalSection(SolutionConfiguration) = preSolution
		Debug = Debug
		Release = Release
	EndGlobalSection
	GlobalSection(ProjectConfiguration) = postSolution
		{A7DC4D43-C677-40A8-BCCA-85A40C976334}.Debug.ActiveCfg = Debug|.NET
		{A7DC4D43-C677-40A8-BCCA-85A40C976334}.Debug.Build.0 = Debug|.NET
		{A7DC4D43-C677-40A8-BCCA-85A40C976334}.Release.ActiveCfg = Release|.NET
		{A7DC4D43-C677-40A8-BCCA-85A40C976334}.Release.Build.0 = Release|.NET
	EndGlobalSection
	GlobalSection(ExtensibilityGlobals) = postSolution
	EndGlobalSection
	GlobalSection(ExtensibilityAddIns) = postSolution
	EndGlobalSection
EndGlobal
