<?xml version="1.0" encoding="utf-8"?>
<!--
SPDX-FileCopyrightText: 2003-2008 JetBrains s.r.o.
SPDX-FileCopyrightText: 2024 Friedrich von Never

SPDX-License-Identifier: GPL-2.0-only
-->

<Project ToolsVersion="4.0" xmlns="http://schemas.microsoft.com/developer/msbuild/2003">
  <ItemGroup>
    <Filter Include="Source Files">
      <UniqueIdentifier>{4FC737F1-C7A5-4376-A066-2A32D752A2FF}</UniqueIdentifier>
      <Extensions>cpp;c;cxx;def;odl;idl;hpj;bat;asm;asmx</Extensions>
    </Filter>
    <Filter Include="Header Files">
      <UniqueIdentifier>{93995380-89BD-4b04-88EB-625FBE52EBFB}</UniqueIdentifier>
      <Extensions>h;hpp;hxx;hm;inl;inc;xsd</Extensions>
    </Filter>
    <Filter Include="Resource Files">
      <UniqueIdentifier>{67DA6AB6-F800-4c08-8B7A-83BB121AAD01}</UniqueIdentifier>
      <Extensions>rc;ico;cur;bmp;dlg;rc2;rct;bin;rgs;gif;jpg;jpeg;jpe;resx</Extensions>
    </Filter>
  </ItemGroup>
  <ItemGroup>
    <ClCompile Include="AddrBook.cpp">
      <Filter>Source Files</Filter>
    </ClCompile>
    <ClCompile Include="AddrBookImpl.cpp">
      <Filter>Source Files</Filter>
    </ClCompile>
    <ClCompile Include="AssemblyInfo.cpp">
      <Filter>Source Files</Filter>
    </ClCompile>
    <ClCompile Include="AttachImpl.cpp">
      <Filter>Source Files</Filter>
    </ClCompile>
    <ClCompile Include="CharBuffer.cpp">
      <Filter>Source Files</Filter>
    </ClCompile>
    <ClCompile Include="CharsStorage.cpp">
      <Filter>Source Files</Filter>
    </ClCompile>
    <ClCompile Include="EAttach.cpp">
      <Filter>Source Files</Filter>
    </ClCompile>
    <ClCompile Include="emapi.cpp">
      <Filter>Source Files</Filter>
    </ClCompile>
    <ClCompile Include="EMAPIFolder.cpp">
      <Filter>Source Files</Filter>
    </ClCompile>
    <ClCompile Include="EMAPILib.cpp">
      <Filter>Source Files</Filter>
    </ClCompile>
    <ClCompile Include="EMessage.cpp">
      <Filter>Source Files</Filter>
    </ClCompile>
    <ClCompile Include="EntryID.cpp">
      <Filter>Source Files</Filter>
    </ClCompile>
    <ClCompile Include="ESPropValue.cpp">
      <Filter>Source Files</Filter>
    </ClCompile>
    <ClCompile Include="ETable.cpp">
      <Filter>Source Files</Filter>
    </ClCompile>
    <ClCompile Include="ETableImpl.cpp">
      <Filter>Source Files</Filter>
    </ClCompile>
    <ClCompile Include="FolderImpl.cpp">
      <Filter>Source Files</Filter>
    </ClCompile>
    <ClCompile Include="FormManager.cpp">
      <Filter>Source Files</Filter>
    </ClCompile>
    <ClCompile Include="FormViewer.cpp">
      <Filter>Source Files</Filter>
    </ClCompile>
    <ClCompile Include="Guard.cpp">
      <Filter>Source Files</Filter>
    </ClCompile>
    <ClCompile Include="helpers.cpp">
      <Filter>Source Files</Filter>
    </ClCompile>
    <ClCompile Include="MailUser.cpp">
      <Filter>Source Files</Filter>
    </ClCompile>
    <ClCompile Include="MAPIProp.cpp">
      <Filter>Source Files</Filter>
    </ClCompile>
    <ClCompile Include="MAPIPropImpl.cpp">
      <Filter>Source Files</Filter>
    </ClCompile>
    <ClCompile Include="MAPISession.cpp">
      <Filter>Source Files</Filter>
    </ClCompile>
    <ClCompile Include="MessageImpl.cpp">
      <Filter>Source Files</Filter>
    </ClCompile>
    <ClCompile Include="Messages.cpp">
      <Filter>Source Files</Filter>
    </ClCompile>
    <ClCompile Include="MsgStore.cpp">
      <Filter>Source Files</Filter>
    </ClCompile>
    <ClCompile Include="MsgStoreAdviseSink.cpp">
      <Filter>Source Files</Filter>
    </ClCompile>
    <ClCompile Include="MsgStoresImpl.cpp">
      <Filter>Source Files</Filter>
    </ClCompile>
    <ClCompile Include="MsgStoresPreloaded.cpp">
      <Filter>Source Files</Filter>
    </ClCompile>
    <ClCompile Include="RCObject.cpp">
      <Filter>Source Files</Filter>
    </ClCompile>
    <ClCompile Include="RowSetImpl.cpp">
      <Filter>Source Files</Filter>
    </ClCompile>
    <ClCompile Include="Stdafx.cpp">
      <Filter>Source Files</Filter>
    </ClCompile>
    <ClCompile Include="StringConvertion.cpp">
      <Filter>Source Files</Filter>
    </ClCompile>
    <ClCompile Include="StringStream.cpp">
      <Filter>Source Files</Filter>
    </ClCompile>
    <ClCompile Include="Temp.cpp">
      <Filter>Source Files</Filter>
    </ClCompile>
    <ClCompile Include="TypeFactory.cpp">
      <Filter>Source Files</Filter>
    </ClCompile>
  </ItemGroup>
  <ItemGroup>
    <ClInclude Include="AddrBook.h">
      <Filter>Header Files</Filter>
    </ClInclude>
    <ClInclude Include="AddrBookImpl.h">
      <Filter>Header Files</Filter>
    </ClInclude>
    <ClInclude Include="AttachImpl.h">
      <Filter>Header Files</Filter>
    </ClInclude>
    <ClInclude Include="CharBuffer.h">
      <Filter>Header Files</Filter>
    </ClInclude>
    <ClInclude Include="CharsStorage.h">
      <Filter>Header Files</Filter>
    </ClInclude>
    <ClInclude Include="EAttach.h">
      <Filter>Header Files</Filter>
    </ClInclude>
    <ClInclude Include="emapi.h">
      <Filter>Header Files</Filter>
    </ClInclude>
    <ClInclude Include="EMAPIFolder.h">
      <Filter>Header Files</Filter>
    </ClInclude>
    <ClInclude Include="EMAPILib.h">
      <Filter>Header Files</Filter>
    </ClInclude>
    <ClInclude Include="EMessage.h">
      <Filter>Header Files</Filter>
    </ClInclude>
    <ClInclude Include="EntryID.h">
      <Filter>Header Files</Filter>
    </ClInclude>
    <ClInclude Include="ESPropValue.h">
      <Filter>Header Files</Filter>
    </ClInclude>
    <ClInclude Include="ETable.h">
      <Filter>Header Files</Filter>
    </ClInclude>
    <ClInclude Include="ETableImpl.h">
      <Filter>Header Files</Filter>
    </ClInclude>
    <ClInclude Include="FolderImpl.h">
      <Filter>Header Files</Filter>
    </ClInclude>
    <ClInclude Include="FormManager.h">
      <Filter>Header Files</Filter>
    </ClInclude>
    <ClInclude Include="FormViewer.h">
      <Filter>Header Files</Filter>
    </ClInclude>
    <ClInclude Include="Guard.h">
      <Filter>Header Files</Filter>
    </ClInclude>
    <ClInclude Include="helpers.h">
      <Filter>Header Files</Filter>
    </ClInclude>
    <ClInclude Include="MailUser.h">
      <Filter>Header Files</Filter>
    </ClInclude>
    <ClInclude Include="MAPIProp.h">
      <Filter>Header Files</Filter>
    </ClInclude>
    <ClInclude Include="MAPIPropImpl.h">
      <Filter>Header Files</Filter>
    </ClInclude>
    <ClInclude Include="MAPISession.h">
      <Filter>Header Files</Filter>
    </ClInclude>
    <ClInclude Include="MessageImpl.h">
      <Filter>Header Files</Filter>
    </ClInclude>
    <ClInclude Include="Messages.h">
      <Filter>Header Files</Filter>
    </ClInclude>
    <ClInclude Include="MsgStore.h">
      <Filter>Header Files</Filter>
    </ClInclude>
    <ClInclude Include="MsgStoreAdviseSink.h">
      <Filter>Header Files</Filter>
    </ClInclude>
    <ClInclude Include="MsgStoresImpl.h">
      <Filter>Header Files</Filter>
    </ClInclude>
    <ClInclude Include="MsgStoresPreloaded.h">
      <Filter>Header Files</Filter>
    </ClInclude>
    <ClInclude Include="RCObject.h">
      <Filter>Header Files</Filter>
    </ClInclude>
    <ClInclude Include="RCPtr.h">
      <Filter>Header Files</Filter>
    </ClInclude>
    <ClInclude Include="RCPtrDef.h">
      <Filter>Header Files</Filter>
    </ClInclude>
    <ClInclude Include="resource.h">
      <Filter>Header Files</Filter>
    </ClInclude>
    <ClInclude Include="RowSetImpl.h">
      <Filter>Header Files</Filter>
    </ClInclude>
    <ClInclude Include="Stdafx.h">
      <Filter>Header Files</Filter>
    </ClInclude>
    <ClInclude Include="StringConvertion.h">
      <Filter>Header Files</Filter>
    </ClInclude>
    <ClInclude Include="StringStream.h">
      <Filter>Header Files</Filter>
    </ClInclude>
    <ClInclude Include="Temp.h">
      <Filter>Header Files</Filter>
    </ClInclude>
    <ClInclude Include="TypeFactory.h">
      <Filter>Header Files</Filter>
    </ClInclude>
  </ItemGroup>
  <ItemGroup>
    <Image Include="app.ico">
      <Filter>Resource Files</Filter>
    </Image>
  </ItemGroup>
  <ItemGroup>
    <ResourceCompile Include="app.rc">
      <Filter>Resource Files</Filter>
    </ResourceCompile>
  </ItemGroup>
</Project>
