
Microsoft Visual Studio Solution File, Format Version 10.00
# Visual Studio 2008
Project("{FAE04EC0-301F-11D3-BF4B-00C04F79EFBC}") = "FriendFeed", "FriendFeed.csproj", "{8FBE7B0E-3835-4049-9876-A2857CAD9C6D}"
EndProject
Global
	GlobalSection(SolutionConfigurationPlatforms) = preSolution
		Debug|Any CPU = Debug|Any CPU
		Release|Any CPU = Release|Any CPU
	EndGlobalSection
	GlobalSection(ProjectConfigurationPlatforms) = postSolution
		{8FBE7B0E-3835-4049-9876-A2857CAD9C6D}.Debug|Any CPU.ActiveCfg = Debug|Any CPU
		{8FBE7B0E-3835-4049-9876-A2857CAD9C6D}.Debug|Any CPU.Build.0 = Debug|Any CPU
		{8FBE7B0E-3835-4049-9876-A2857CAD9C6D}.Release|Any CPU.ActiveCfg = Release|Any CPU
		{8FBE7B0E-3835-4049-9876-A2857CAD9C6D}.Release|Any CPU.Build.0 = Release|Any CPU
	EndGlobalSection
	GlobalSection(SolutionProperties) = preSolution
		HideSolutionNode = FALSE
	EndGlobalSection
EndGlobal
