
Microsoft Visual Studio Solution File, Format Version 10.00
# Visual Studio 2008
Project("{FAE04EC0-301F-11D3-BF4B-00C04F79EFBC}") = "CommonTests", "CommonTests\CommonTests.csproj", "{BF1D5FAA-EA49-4416-95CD-F5752E7DA797}"
EndProject
Project("{8BC9CEB8-8B4A-11D0-8D11-00A0C91BC942}") = "DBIndex", "DBIndex\DBIndex.vcproj", "{7324F8A3-E741-451A-8428-BCD71E464A89}"
EndProject
Project("{FAE04EC0-301F-11D3-BF4B-00C04F79EFBC}") = "DBUtils", "DBUtils\DBUtils.csproj", "{14CD54EF-C6BA-4A9D-A742-2A431DC7E641}"
EndProject
Project("{FAE04EC0-301F-11D3-BF4B-00C04F79EFBC}") = "DBUtilsTests", "DBUtilsTests\DBUtilsTests.csproj", "{C566FC33-8FD9-482F-9E2C-6E87DB0B5BF7}"
EndProject
Project("{FAE04EC0-301F-11D3-BF4B-00C04F79EFBC}") = "GUIControls", "GUIControls\GUIControls.csproj", "{C9CBAAE5-F8D4-4BD2-BDF0-026B85122106}"
EndProject
Project("{FAE04EC0-301F-11D3-BF4B-00C04F79EFBC}") = "GUIControlsTests", "GUIControlsTests\GUIControlsTests.csproj", "{F10B898C-A1F3-40B5-A498-DDFBBEDC5280}"
EndProject
Project("{FAE04EC0-301F-11D3-BF4B-00C04F79EFBC}") = "JetBrainsShared", "JetBrainsShared\JetBrainsShared.csproj", "{5133BE57-1BE8-4C82-BA5E-ADA6CFA0AA8B}"
EndProject
Project("{FAE04EC0-301F-11D3-BF4B-00C04F79EFBC}") = "JetListView", "JetListView\JetListView.csproj", "{F143C8CF-F540-4CEE-9D6B-48F583A3B955}"
EndProject
Project("{8BC9CEB8-8B4A-11D0-8D11-00A0C91BC942}") = "MshtmlSite", "MshtmlSite\MshtmlSite.vcproj", "{CB9C489B-FDAE-49BC-B379-2DFBA6A9FB85}"
EndProject
Project("{FAE04EC0-301F-11D3-BF4B-00C04F79EFBC}") = "OmniaMeaBase", "OmniaMeaBase\OmniaMeaBase.csproj", "{C77A02EC-E116-44B9-8FF2-85637FA405B7}"
EndProject
Project("{FAE04EC0-301F-11D3-BF4B-00C04F79EFBC}") = "OmniaMeaBaseTests", "OmniaMeaBaseTests\OmniaMeaBaseTests.csproj", "{CFCD41A9-D542-47BD-95BC-C4254B9C8EAB}"
EndProject
Project("{FAE04EC0-301F-11D3-BF4B-00C04F79EFBC}") = "OpenAPI", "OpenAPI\OpenAPI.csproj", "{BC8E1E30-A063-463A-9213-A159C7FA4AAC}"
EndProject
Project("{FAE04EC0-301F-11D3-BF4B-00C04F79EFBC}") = "PerformanceTests", "PerformanceTests\PerformanceTests.csproj", "{7A408FED-BB8D-4551-8D8C-D93B752DC237}"
EndProject
Project("{FAE04EC0-301F-11D3-BF4B-00C04F79EFBC}") = "PicoCore", "PicoCore\PicoCore.csproj", "{4D08EA48-F2BE-418B-AE1C-4925A7647F37}"
EndProject
Project("{FAE04EC0-301F-11D3-BF4B-00C04F79EFBC}") = "ResourceStore", "ResourceStore\ResourceStore.csproj", "{D022CCB6-4958-44DD-8175-E9AA181E6F41}"
EndProject
Project("{FAE04EC0-301F-11D3-BF4B-00C04F79EFBC}") = "ResourceTools", "ResourceTools\ResourceTools.csproj", "{3866FB99-0922-4062-8880-B39DA0F1C15E}"
EndProject
Project("{FAE04EC0-301F-11D3-BF4B-00C04F79EFBC}") = "ResourceToolsTests", "ResourceToolsTests\ResourceToolsTests.csproj", "{676125C5-4B4A-4FE1-AB57-A3F22DA24476}"
EndProject
Project("{FAE04EC0-301F-11D3-BF4B-00C04F79EFBC}") = "SpHeader", "SpHeader\SpHeader.csproj", "{095A65E9-D852-420E-A1AD-DD795916D5A6}"
EndProject
Project("{FAE04EC0-301F-11D3-BF4B-00C04F79EFBC}") = "StressTests", "StressTests\StressTests.csproj", "{CB2AAB94-A28F-4D46-84A7-66A4A2E06222}"
EndProject
Project("{FAE04EC0-301F-11D3-BF4B-00C04F79EFBC}") = "TermIndexProfile", "TermIndexProfile\TermIndexProfile.csproj", "{BE9013E3-687A-4685-8531-132C9D5C3BA4}"
EndProject
Project("{FAE04EC0-301F-11D3-BF4B-00C04F79EFBC}") = "TextIndex", "TextIndex\TextIndex.csproj", "{971F984A-724F-4841-8AB9-6BB738C6E329}"
EndProject
Project("{FAE04EC0-301F-11D3-BF4B-00C04F79EFBC}") = "TextIndexTests", "TextIndexTests\TextIndexTests.csproj", "{F016B78B-0BE2-45CD-9584-68FD9CAF35F9}"
EndProject
Project("{FAE04EC0-301F-11D3-BF4B-00C04F79EFBC}") = "MshtmlBrowserControl", "MshtmlBrowserControl\MshtmlBrowserControl.csproj", "{50C73F54-92BA-41F5-9D7B-1505298E34E3}"
EndProject
Project("{FAE04EC0-301F-11D3-BF4B-00C04F79EFBC}") = "SecureLib", "SecureLib\SecureLib.csproj", "{5BFA5A70-D384-4417-AFCC-5C744485A85F}"
EndProject
Global
	GlobalSection(SolutionConfigurationPlatforms) = preSolution
		CruiseControl|Any CPU = CruiseControl|Any CPU
		CruiseControl|Mixed Platforms = CruiseControl|Mixed Platforms
		CruiseControl|Win32 = CruiseControl|Win32
		Debug|Any CPU = Debug|Any CPU
		Debug|Mixed Platforms = Debug|Mixed Platforms
		Debug|Win32 = Debug|Win32
		Release|Any CPU = Release|Any CPU
		Release|Mixed Platforms = Release|Mixed Platforms
		Release|Win32 = Release|Win32
	EndGlobalSection
	GlobalSection(ProjectConfigurationPlatforms) = postSolution
		{BF1D5FAA-EA49-4416-95CD-F5752E7DA797}.CruiseControl|Any CPU.ActiveCfg = Release|Any CPU
		{BF1D5FAA-EA49-4416-95CD-F5752E7DA797}.CruiseControl|Any CPU.Build.0 = Release|Any CPU
		{BF1D5FAA-EA49-4416-95CD-F5752E7DA797}.CruiseControl|Mixed Platforms.ActiveCfg = Release|Any CPU
		{BF1D5FAA-EA49-4416-95CD-F5752E7DA797}.CruiseControl|Mixed Platforms.Build.0 = Release|Any CPU
		{BF1D5FAA-EA49-4416-95CD-F5752E7DA797}.CruiseControl|Win32.ActiveCfg = Release|Any CPU
		{BF1D5FAA-EA49-4416-95CD-F5752E7DA797}.Debug|Any CPU.ActiveCfg = Debug|Any CPU
		{BF1D5FAA-EA49-4416-95CD-F5752E7DA797}.Debug|Any CPU.Build.0 = Debug|Any CPU
		{BF1D5FAA-EA49-4416-95CD-F5752E7DA797}.Debug|Mixed Platforms.ActiveCfg = Debug|Any CPU
		{BF1D5FAA-EA49-4416-95CD-F5752E7DA797}.Debug|Mixed Platforms.Build.0 = Debug|Any CPU
		{BF1D5FAA-EA49-4416-95CD-F5752E7DA797}.Debug|Win32.ActiveCfg = Debug|Any CPU
		{BF1D5FAA-EA49-4416-95CD-F5752E7DA797}.Release|Any CPU.ActiveCfg = Release|Any CPU
		{BF1D5FAA-EA49-4416-95CD-F5752E7DA797}.Release|Any CPU.Build.0 = Release|Any CPU
		{BF1D5FAA-EA49-4416-95CD-F5752E7DA797}.Release|Mixed Platforms.ActiveCfg = Release|Any CPU
		{BF1D5FAA-EA49-4416-95CD-F5752E7DA797}.Release|Mixed Platforms.Build.0 = Release|Any CPU
		{BF1D5FAA-EA49-4416-95CD-F5752E7DA797}.Release|Win32.ActiveCfg = Release|Any CPU
		{7324F8A3-E741-451A-8428-BCD71E464A89}.CruiseControl|Any CPU.ActiveCfg = Release|Win32
		{7324F8A3-E741-451A-8428-BCD71E464A89}.CruiseControl|Mixed Platforms.ActiveCfg = Release|Win32
		{7324F8A3-E741-451A-8428-BCD71E464A89}.CruiseControl|Mixed Platforms.Build.0 = Release|Win32
		{7324F8A3-E741-451A-8428-BCD71E464A89}.CruiseControl|Win32.ActiveCfg = Release|Win32
		{7324F8A3-E741-451A-8428-BCD71E464A89}.CruiseControl|Win32.Build.0 = Release|Win32
		{7324F8A3-E741-451A-8428-BCD71E464A89}.Debug|Any CPU.ActiveCfg = Debug|Win32
		{7324F8A3-E741-451A-8428-BCD71E464A89}.Debug|Mixed Platforms.ActiveCfg = Debug|Win32
		{7324F8A3-E741-451A-8428-BCD71E464A89}.Debug|Mixed Platforms.Build.0 = Debug|Win32
		{7324F8A3-E741-451A-8428-BCD71E464A89}.Debug|Win32.ActiveCfg = Debug|Win32
		{7324F8A3-E741-451A-8428-BCD71E464A89}.Debug|Win32.Build.0 = Debug|Win32
		{7324F8A3-E741-451A-8428-BCD71E464A89}.Release|Any CPU.ActiveCfg = Release|Win32
		{7324F8A3-E741-451A-8428-BCD71E464A89}.Release|Mixed Platforms.ActiveCfg = Release|Win32
		{7324F8A3-E741-451A-8428-BCD71E464A89}.Release|Mixed Platforms.Build.0 = Release|Win32
		{7324F8A3-E741-451A-8428-BCD71E464A89}.Release|Win32.ActiveCfg = Release|Win32
		{7324F8A3-E741-451A-8428-BCD71E464A89}.Release|Win32.Build.0 = Release|Win32
		{14CD54EF-C6BA-4A9D-A742-2A431DC7E641}.CruiseControl|Any CPU.ActiveCfg = Release|Any CPU
		{14CD54EF-C6BA-4A9D-A742-2A431DC7E641}.CruiseControl|Any CPU.Build.0 = Release|Any CPU
		{14CD54EF-C6BA-4A9D-A742-2A431DC7E641}.CruiseControl|Mixed Platforms.ActiveCfg = Release|Any CPU
		{14CD54EF-C6BA-4A9D-A742-2A431DC7E641}.CruiseControl|Mixed Platforms.Build.0 = Release|Any CPU
		{14CD54EF-C6BA-4A9D-A742-2A431DC7E641}.CruiseControl|Win32.ActiveCfg = Release|Any CPU
		{14CD54EF-C6BA-4A9D-A742-2A431DC7E641}.Debug|Any CPU.ActiveCfg = Debug|Any CPU
		{14CD54EF-C6BA-4A9D-A742-2A431DC7E641}.Debug|Any CPU.Build.0 = Debug|Any CPU
		{14CD54EF-C6BA-4A9D-A742-2A431DC7E641}.Debug|Mixed Platforms.ActiveCfg = Debug|Any CPU
		{14CD54EF-C6BA-4A9D-A742-2A431DC7E641}.Debug|Mixed Platforms.Build.0 = Debug|Any CPU
		{14CD54EF-C6BA-4A9D-A742-2A431DC7E641}.Debug|Win32.ActiveCfg = Debug|Any CPU
		{14CD54EF-C6BA-4A9D-A742-2A431DC7E641}.Release|Any CPU.ActiveCfg = Release|Any CPU
		{14CD54EF-C6BA-4A9D-A742-2A431DC7E641}.Release|Any CPU.Build.0 = Release|Any CPU
		{14CD54EF-C6BA-4A9D-A742-2A431DC7E641}.Release|Mixed Platforms.ActiveCfg = Release|Any CPU
		{14CD54EF-C6BA-4A9D-A742-2A431DC7E641}.Release|Mixed Platforms.Build.0 = Release|Any CPU
		{14CD54EF-C6BA-4A9D-A742-2A431DC7E641}.Release|Win32.ActiveCfg = Release|Any CPU
		{C566FC33-8FD9-482F-9E2C-6E87DB0B5BF7}.CruiseControl|Any CPU.ActiveCfg = Release|Any CPU
		{C566FC33-8FD9-482F-9E2C-6E87DB0B5BF7}.CruiseControl|Any CPU.Build.0 = Release|Any CPU
		{C566FC33-8FD9-482F-9E2C-6E87DB0B5BF7}.CruiseControl|Mixed Platforms.ActiveCfg = Release|Any CPU
		{C566FC33-8FD9-482F-9E2C-6E87DB0B5BF7}.CruiseControl|Mixed Platforms.Build.0 = Release|Any CPU
		{C566FC33-8FD9-482F-9E2C-6E87DB0B5BF7}.CruiseControl|Win32.ActiveCfg = Release|Any CPU
		{C566FC33-8FD9-482F-9E2C-6E87DB0B5BF7}.Debug|Any CPU.ActiveCfg = Debug|Any CPU
		{C566FC33-8FD9-482F-9E2C-6E87DB0B5BF7}.Debug|Any CPU.Build.0 = Debug|Any CPU
		{C566FC33-8FD9-482F-9E2C-6E87DB0B5BF7}.Debug|Mixed Platforms.ActiveCfg = Debug|Any CPU
		{C566FC33-8FD9-482F-9E2C-6E87DB0B5BF7}.Debug|Mixed Platforms.Build.0 = Debug|Any CPU
		{C566FC33-8FD9-482F-9E2C-6E87DB0B5BF7}.Debug|Win32.ActiveCfg = Debug|Any CPU
		{C566FC33-8FD9-482F-9E2C-6E87DB0B5BF7}.Release|Any CPU.ActiveCfg = Release|Any CPU
		{C566FC33-8FD9-482F-9E2C-6E87DB0B5BF7}.Release|Any CPU.Build.0 = Release|Any CPU
		{C566FC33-8FD9-482F-9E2C-6E87DB0B5BF7}.Release|Mixed Platforms.ActiveCfg = Release|Any CPU
		{C566FC33-8FD9-482F-9E2C-6E87DB0B5BF7}.Release|Mixed Platforms.Build.0 = Release|Any CPU
		{C566FC33-8FD9-482F-9E2C-6E87DB0B5BF7}.Release|Win32.ActiveCfg = Release|Any CPU
		{C9CBAAE5-F8D4-4BD2-BDF0-026B85122106}.CruiseControl|Any CPU.ActiveCfg = Release|Any CPU
		{C9CBAAE5-F8D4-4BD2-BDF0-026B85122106}.CruiseControl|Any CPU.Build.0 = Release|Any CPU
		{C9CBAAE5-F8D4-4BD2-BDF0-026B85122106}.CruiseControl|Mixed Platforms.ActiveCfg = Release|Any CPU
		{C9CBAAE5-F8D4-4BD2-BDF0-026B85122106}.CruiseControl|Mixed Platforms.Build.0 = Release|Any CPU
		{C9CBAAE5-F8D4-4BD2-BDF0-026B85122106}.CruiseControl|Win32.ActiveCfg = Release|Any CPU
		{C9CBAAE5-F8D4-4BD2-BDF0-026B85122106}.Debug|Any CPU.ActiveCfg = Debug|Any CPU
		{C9CBAAE5-F8D4-4BD2-BDF0-026B85122106}.Debug|Any CPU.Build.0 = Debug|Any CPU
		{C9CBAAE5-F8D4-4BD2-BDF0-026B85122106}.Debug|Mixed Platforms.ActiveCfg = Debug|Any CPU
		{C9CBAAE5-F8D4-4BD2-BDF0-026B85122106}.Debug|Mixed Platforms.Build.0 = Debug|Any CPU
		{C9CBAAE5-F8D4-4BD2-BDF0-026B85122106}.Debug|Win32.ActiveCfg = Debug|Any CPU
		{C9CBAAE5-F8D4-4BD2-BDF0-026B85122106}.Release|Any CPU.ActiveCfg = Release|Any CPU
		{C9CBAAE5-F8D4-4BD2-BDF0-026B85122106}.Release|Any CPU.Build.0 = Release|Any CPU
		{C9CBAAE5-F8D4-4BD2-BDF0-026B85122106}.Release|Mixed Platforms.ActiveCfg = Release|Any CPU
		{C9CBAAE5-F8D4-4BD2-BDF0-026B85122106}.Release|Mixed Platforms.Build.0 = Release|Any CPU
		{C9CBAAE5-F8D4-4BD2-BDF0-026B85122106}.Release|Win32.ActiveCfg = Release|Any CPU
		{F10B898C-A1F3-40B5-A498-DDFBBEDC5280}.CruiseControl|Any CPU.ActiveCfg = Release|Any CPU
		{F10B898C-A1F3-40B5-A498-DDFBBEDC5280}.CruiseControl|Any CPU.Build.0 = Release|Any CPU
		{F10B898C-A1F3-40B5-A498-DDFBBEDC5280}.CruiseControl|Mixed Platforms.ActiveCfg = Release|Any CPU
		{F10B898C-A1F3-40B5-A498-DDFBBEDC5280}.CruiseControl|Mixed Platforms.Build.0 = Release|Any CPU
		{F10B898C-A1F3-40B5-A498-DDFBBEDC5280}.CruiseControl|Win32.ActiveCfg = Release|Any CPU
		{F10B898C-A1F3-40B5-A498-DDFBBEDC5280}.Debug|Any CPU.ActiveCfg = Debug|Any CPU
		{F10B898C-A1F3-40B5-A498-DDFBBEDC5280}.Debug|Any CPU.Build.0 = Debug|Any CPU
		{F10B898C-A1F3-40B5-A498-DDFBBEDC5280}.Debug|Mixed Platforms.ActiveCfg = Debug|Any CPU
		{F10B898C-A1F3-40B5-A498-DDFBBEDC5280}.Debug|Mixed Platforms.Build.0 = Debug|Any CPU
		{F10B898C-A1F3-40B5-A498-DDFBBEDC5280}.Debug|Win32.ActiveCfg = Debug|Any CPU
		{F10B898C-A1F3-40B5-A498-DDFBBEDC5280}.Release|Any CPU.ActiveCfg = Release|Any CPU
		{F10B898C-A1F3-40B5-A498-DDFBBEDC5280}.Release|Any CPU.Build.0 = Release|Any CPU
		{F10B898C-A1F3-40B5-A498-DDFBBEDC5280}.Release|Mixed Platforms.ActiveCfg = Release|Any CPU
		{F10B898C-A1F3-40B5-A498-DDFBBEDC5280}.Release|Mixed Platforms.Build.0 = Release|Any CPU
		{F10B898C-A1F3-40B5-A498-DDFBBEDC5280}.Release|Win32.ActiveCfg = Release|Any CPU
		{5133BE57-1BE8-4C82-BA5E-ADA6CFA0AA8B}.CruiseControl|Any CPU.ActiveCfg = CruiseControl|Any CPU
		{5133BE57-1BE8-4C82-BA5E-ADA6CFA0AA8B}.CruiseControl|Any CPU.Build.0 = CruiseControl|Any CPU
		{5133BE57-1BE8-4C82-BA5E-ADA6CFA0AA8B}.CruiseControl|Mixed Platforms.ActiveCfg = CruiseControl|Any CPU
		{5133BE57-1BE8-4C82-BA5E-ADA6CFA0AA8B}.CruiseControl|Mixed Platforms.Build.0 = CruiseControl|Any CPU
		{5133BE57-1BE8-4C82-BA5E-ADA6CFA0AA8B}.CruiseControl|Win32.ActiveCfg = CruiseControl|Any CPU
		{5133BE57-1BE8-4C82-BA5E-ADA6CFA0AA8B}.Debug|Any CPU.ActiveCfg = Debug|Any CPU
		{5133BE57-1BE8-4C82-BA5E-ADA6CFA0AA8B}.Debug|Any CPU.Build.0 = Debug|Any CPU
		{5133BE57-1BE8-4C82-BA5E-ADA6CFA0AA8B}.Debug|Mixed Platforms.ActiveCfg = Debug|Any CPU
		{5133BE57-1BE8-4C82-BA5E-ADA6CFA0AA8B}.Debug|Mixed Platforms.Build.0 = Debug|Any CPU
		{5133BE57-1BE8-4C82-BA5E-ADA6CFA0AA8B}.Debug|Win32.ActiveCfg = Debug|Any CPU
		{5133BE57-1BE8-4C82-BA5E-ADA6CFA0AA8B}.Release|Any CPU.ActiveCfg = Release|Any CPU
		{5133BE57-1BE8-4C82-BA5E-ADA6CFA0AA8B}.Release|Any CPU.Build.0 = Release|Any CPU
		{5133BE57-1BE8-4C82-BA5E-ADA6CFA0AA8B}.Release|Mixed Platforms.ActiveCfg = Release|Any CPU
		{5133BE57-1BE8-4C82-BA5E-ADA6CFA0AA8B}.Release|Mixed Platforms.Build.0 = Release|Any CPU
		{5133BE57-1BE8-4C82-BA5E-ADA6CFA0AA8B}.Release|Win32.ActiveCfg = Release|Any CPU
		{F143C8CF-F540-4CEE-9D6B-48F583A3B955}.CruiseControl|Any CPU.ActiveCfg = Release|Any CPU
		{F143C8CF-F540-4CEE-9D6B-48F583A3B955}.CruiseControl|Any CPU.Build.0 = Release|Any CPU
		{F143C8CF-F540-4CEE-9D6B-48F583A3B955}.CruiseControl|Mixed Platforms.ActiveCfg = Release|Any CPU
		{F143C8CF-F540-4CEE-9D6B-48F583A3B955}.CruiseControl|Mixed Platforms.Build.0 = Release|Any CPU
		{F143C8CF-F540-4CEE-9D6B-48F583A3B955}.CruiseControl|Win32.ActiveCfg = Release|Any CPU
		{F143C8CF-F540-4CEE-9D6B-48F583A3B955}.Debug|Any CPU.ActiveCfg = Debug|Any CPU
		{F143C8CF-F540-4CEE-9D6B-48F583A3B955}.Debug|Any CPU.Build.0 = Debug|Any CPU
		{F143C8CF-F540-4CEE-9D6B-48F583A3B955}.Debug|Mixed Platforms.ActiveCfg = Debug|Any CPU
		{F143C8CF-F540-4CEE-9D6B-48F583A3B955}.Debug|Mixed Platforms.Build.0 = Debug|Any CPU
		{F143C8CF-F540-4CEE-9D6B-48F583A3B955}.Debug|Win32.ActiveCfg = Debug|Any CPU
		{F143C8CF-F540-4CEE-9D6B-48F583A3B955}.Release|Any CPU.ActiveCfg = Release|Any CPU
		{F143C8CF-F540-4CEE-9D6B-48F583A3B955}.Release|Any CPU.Build.0 = Release|Any CPU
		{F143C8CF-F540-4CEE-9D6B-48F583A3B955}.Release|Mixed Platforms.ActiveCfg = Release|Any CPU
		{F143C8CF-F540-4CEE-9D6B-48F583A3B955}.Release|Mixed Platforms.Build.0 = Release|Any CPU
		{F143C8CF-F540-4CEE-9D6B-48F583A3B955}.Release|Win32.ActiveCfg = Release|Any CPU
		{CB9C489B-FDAE-49BC-B379-2DFBA6A9FB85}.CruiseControl|Any CPU.ActiveCfg = Release|Win32
		{CB9C489B-FDAE-49BC-B379-2DFBA6A9FB85}.CruiseControl|Mixed Platforms.ActiveCfg = Release|Win32
		{CB9C489B-FDAE-49BC-B379-2DFBA6A9FB85}.CruiseControl|Mixed Platforms.Build.0 = Release|Win32
		{CB9C489B-FDAE-49BC-B379-2DFBA6A9FB85}.CruiseControl|Win32.ActiveCfg = Release|Win32
		{CB9C489B-FDAE-49BC-B379-2DFBA6A9FB85}.CruiseControl|Win32.Build.0 = Release|Win32
		{CB9C489B-FDAE-49BC-B379-2DFBA6A9FB85}.Debug|Any CPU.ActiveCfg = Debug|Win32
		{CB9C489B-FDAE-49BC-B379-2DFBA6A9FB85}.Debug|Mixed Platforms.ActiveCfg = Debug|Win32
		{CB9C489B-FDAE-49BC-B379-2DFBA6A9FB85}.Debug|Mixed Platforms.Build.0 = Debug|Win32
		{CB9C489B-FDAE-49BC-B379-2DFBA6A9FB85}.Debug|Win32.ActiveCfg = Debug|Win32
		{CB9C489B-FDAE-49BC-B379-2DFBA6A9FB85}.Debug|Win32.Build.0 = Debug|Win32
		{CB9C489B-FDAE-49BC-B379-2DFBA6A9FB85}.Release|Any CPU.ActiveCfg = Release|Win32
		{CB9C489B-FDAE-49BC-B379-2DFBA6A9FB85}.Release|Mixed Platforms.ActiveCfg = Release|Win32
		{CB9C489B-FDAE-49BC-B379-2DFBA6A9FB85}.Release|Mixed Platforms.Build.0 = Release|Win32
		{CB9C489B-FDAE-49BC-B379-2DFBA6A9FB85}.Release|Win32.ActiveCfg = Release|Win32
		{CB9C489B-FDAE-49BC-B379-2DFBA6A9FB85}.Release|Win32.Build.0 = Release|Win32
		{C77A02EC-E116-44B9-8FF2-85637FA405B7}.CruiseControl|Any CPU.ActiveCfg = Release|Any CPU
		{C77A02EC-E116-44B9-8FF2-85637FA405B7}.CruiseControl|Any CPU.Build.0 = Release|Any CPU
		{C77A02EC-E116-44B9-8FF2-85637FA405B7}.CruiseControl|Mixed Platforms.ActiveCfg = Release|Any CPU
		{C77A02EC-E116-44B9-8FF2-85637FA405B7}.CruiseControl|Mixed Platforms.Build.0 = Release|Any CPU
		{C77A02EC-E116-44B9-8FF2-85637FA405B7}.CruiseControl|Win32.ActiveCfg = Release|Any CPU
		{C77A02EC-E116-44B9-8FF2-85637FA405B7}.Debug|Any CPU.ActiveCfg = Debug|Any CPU
		{C77A02EC-E116-44B9-8FF2-85637FA405B7}.Debug|Any CPU.Build.0 = Debug|Any CPU
		{C77A02EC-E116-44B9-8FF2-85637FA405B7}.Debug|Mixed Platforms.ActiveCfg = Debug|Any CPU
		{C77A02EC-E116-44B9-8FF2-85637FA405B7}.Debug|Mixed Platforms.Build.0 = Debug|Any CPU
		{C77A02EC-E116-44B9-8FF2-85637FA405B7}.Debug|Win32.ActiveCfg = Debug|Any CPU
		{C77A02EC-E116-44B9-8FF2-85637FA405B7}.Release|Any CPU.ActiveCfg = Release|Any CPU
		{C77A02EC-E116-44B9-8FF2-85637FA405B7}.Release|Any CPU.Build.0 = Release|Any CPU
		{C77A02EC-E116-44B9-8FF2-85637FA405B7}.Release|Mixed Platforms.ActiveCfg = Release|Any CPU
		{C77A02EC-E116-44B9-8FF2-85637FA405B7}.Release|Mixed Platforms.Build.0 = Release|Any CPU
		{C77A02EC-E116-44B9-8FF2-85637FA405B7}.Release|Win32.ActiveCfg = Release|Any CPU
		{CFCD41A9-D542-47BD-95BC-C4254B9C8EAB}.CruiseControl|Any CPU.ActiveCfg = Release|Any CPU
		{CFCD41A9-D542-47BD-95BC-C4254B9C8EAB}.CruiseControl|Any CPU.Build.0 = Release|Any CPU
		{CFCD41A9-D542-47BD-95BC-C4254B9C8EAB}.CruiseControl|Mixed Platforms.ActiveCfg = Release|Any CPU
		{CFCD41A9-D542-47BD-95BC-C4254B9C8EAB}.CruiseControl|Mixed Platforms.Build.0 = Release|Any CPU
		{CFCD41A9-D542-47BD-95BC-C4254B9C8EAB}.CruiseControl|Win32.ActiveCfg = Release|Any CPU
		{CFCD41A9-D542-47BD-95BC-C4254B9C8EAB}.Debug|Any CPU.ActiveCfg = Debug|Any CPU
		{CFCD41A9-D542-47BD-95BC-C4254B9C8EAB}.Debug|Any CPU.Build.0 = Debug|Any CPU
		{CFCD41A9-D542-47BD-95BC-C4254B9C8EAB}.Debug|Mixed Platforms.ActiveCfg = Debug|Any CPU
		{CFCD41A9-D542-47BD-95BC-C4254B9C8EAB}.Debug|Mixed Platforms.Build.0 = Debug|Any CPU
		{CFCD41A9-D542-47BD-95BC-C4254B9C8EAB}.Debug|Win32.ActiveCfg = Debug|Any CPU
		{CFCD41A9-D542-47BD-95BC-C4254B9C8EAB}.Release|Any CPU.ActiveCfg = Release|Any CPU
		{CFCD41A9-D542-47BD-95BC-C4254B9C8EAB}.Release|Any CPU.Build.0 = Release|Any CPU
		{CFCD41A9-D542-47BD-95BC-C4254B9C8EAB}.Release|Mixed Platforms.ActiveCfg = Release|Any CPU
		{CFCD41A9-D542-47BD-95BC-C4254B9C8EAB}.Release|Mixed Platforms.Build.0 = Release|Any CPU
		{CFCD41A9-D542-47BD-95BC-C4254B9C8EAB}.Release|Win32.ActiveCfg = Release|Any CPU
		{BC8E1E30-A063-463A-9213-A159C7FA4AAC}.CruiseControl|Any CPU.ActiveCfg = Release|Any CPU
		{BC8E1E30-A063-463A-9213-A159C7FA4AAC}.CruiseControl|Any CPU.Build.0 = Release|Any CPU
		{BC8E1E30-A063-463A-9213-A159C7FA4AAC}.CruiseControl|Mixed Platforms.ActiveCfg = Release|Any CPU
		{BC8E1E30-A063-463A-9213-A159C7FA4AAC}.CruiseControl|Mixed Platforms.Build.0 = Release|Any CPU
		{BC8E1E30-A063-463A-9213-A159C7FA4AAC}.CruiseControl|Win32.ActiveCfg = Release|Any CPU
		{BC8E1E30-A063-463A-9213-A159C7FA4AAC}.Debug|Any CPU.ActiveCfg = Debug|Any CPU
		{BC8E1E30-A063-463A-9213-A159C7FA4AAC}.Debug|Any CPU.Build.0 = Debug|Any CPU
		{BC8E1E30-A063-463A-9213-A159C7FA4AAC}.Debug|Mixed Platforms.ActiveCfg = Debug|Any CPU
		{BC8E1E30-A063-463A-9213-A159C7FA4AAC}.Debug|Mixed Platforms.Build.0 = Debug|Any CPU
		{BC8E1E30-A063-463A-9213-A159C7FA4AAC}.Debug|Win32.ActiveCfg = Debug|Any CPU
		{BC8E1E30-A063-463A-9213-A159C7FA4AAC}.Release|Any CPU.ActiveCfg = Release|Any CPU
		{BC8E1E30-A063-463A-9213-A159C7FA4AAC}.Release|Any CPU.Build.0 = Release|Any CPU
		{BC8E1E30-A063-463A-9213-A159C7FA4AAC}.Release|Mixed Platforms.ActiveCfg = Release|Any CPU
		{BC8E1E30-A063-463A-9213-A159C7FA4AAC}.Release|Mixed Platforms.Build.0 = Release|Any CPU
		{BC8E1E30-A063-463A-9213-A159C7FA4AAC}.Release|Win32.ActiveCfg = Release|Any CPU
		{7A408FED-BB8D-4551-8D8C-D93B752DC237}.CruiseControl|Any CPU.ActiveCfg = Release|Any CPU
		{7A408FED-BB8D-4551-8D8C-D93B752DC237}.CruiseControl|Any CPU.Build.0 = Release|Any CPU
		{7A408FED-BB8D-4551-8D8C-D93B752DC237}.CruiseControl|Mixed Platforms.ActiveCfg = Release|Any CPU
		{7A408FED-BB8D-4551-8D8C-D93B752DC237}.CruiseControl|Mixed Platforms.Build.0 = Release|Any CPU
		{7A408FED-BB8D-4551-8D8C-D93B752DC237}.CruiseControl|Win32.ActiveCfg = Release|Any CPU
		{7A408FED-BB8D-4551-8D8C-D93B752DC237}.Debug|Any CPU.ActiveCfg = Debug|Any CPU
		{7A408FED-BB8D-4551-8D8C-D93B752DC237}.Debug|Any CPU.Build.0 = Debug|Any CPU
		{7A408FED-BB8D-4551-8D8C-D93B752DC237}.Debug|Mixed Platforms.ActiveCfg = Debug|Any CPU
		{7A408FED-BB8D-4551-8D8C-D93B752DC237}.Debug|Mixed Platforms.Build.0 = Debug|Any CPU
		{7A408FED-BB8D-4551-8D8C-D93B752DC237}.Debug|Win32.ActiveCfg = Debug|Any CPU
		{7A408FED-BB8D-4551-8D8C-D93B752DC237}.Release|Any CPU.ActiveCfg = Release|Any CPU
		{7A408FED-BB8D-4551-8D8C-D93B752DC237}.Release|Any CPU.Build.0 = Release|Any CPU
		{7A408FED-BB8D-4551-8D8C-D93B752DC237}.Release|Mixed Platforms.ActiveCfg = Release|Any CPU
		{7A408FED-BB8D-4551-8D8C-D93B752DC237}.Release|Mixed Platforms.Build.0 = Release|Any CPU
		{7A408FED-BB8D-4551-8D8C-D93B752DC237}.Release|Win32.ActiveCfg = Release|Any CPU
		{4D08EA48-F2BE-418B-AE1C-4925A7647F37}.CruiseControl|Any CPU.ActiveCfg = Release|Any CPU
		{4D08EA48-F2BE-418B-AE1C-4925A7647F37}.CruiseControl|Any CPU.Build.0 = Release|Any CPU
		{4D08EA48-F2BE-418B-AE1C-4925A7647F37}.CruiseControl|Mixed Platforms.ActiveCfg = Release|Any CPU
		{4D08EA48-F2BE-418B-AE1C-4925A7647F37}.CruiseControl|Mixed Platforms.Build.0 = Release|Any CPU
		{4D08EA48-F2BE-418B-AE1C-4925A7647F37}.CruiseControl|Win32.ActiveCfg = Release|Any CPU
		{4D08EA48-F2BE-418B-AE1C-4925A7647F37}.Debug|Any CPU.ActiveCfg = Debug|Any CPU
		{4D08EA48-F2BE-418B-AE1C-4925A7647F37}.Debug|Any CPU.Build.0 = Debug|Any CPU
		{4D08EA48-F2BE-418B-AE1C-4925A7647F37}.Debug|Mixed Platforms.ActiveCfg = Debug|Any CPU
		{4D08EA48-F2BE-418B-AE1C-4925A7647F37}.Debug|Mixed Platforms.Build.0 = Debug|Any CPU
		{4D08EA48-F2BE-418B-AE1C-4925A7647F37}.Debug|Win32.ActiveCfg = Debug|Any CPU
		{4D08EA48-F2BE-418B-AE1C-4925A7647F37}.Release|Any CPU.ActiveCfg = Release|Any CPU
		{4D08EA48-F2BE-418B-AE1C-4925A7647F37}.Release|Any CPU.Build.0 = Release|Any CPU
		{4D08EA48-F2BE-418B-AE1C-4925A7647F37}.Release|Mixed Platforms.ActiveCfg = Release|Any CPU
		{4D08EA48-F2BE-418B-AE1C-4925A7647F37}.Release|Mixed Platforms.Build.0 = Release|Any CPU
		{4D08EA48-F2BE-418B-AE1C-4925A7647F37}.Release|Win32.ActiveCfg = Release|Any CPU
		{D022CCB6-4958-44DD-8175-E9AA181E6F41}.CruiseControl|Any CPU.ActiveCfg = Release|Any CPU
		{D022CCB6-4958-44DD-8175-E9AA181E6F41}.CruiseControl|Any CPU.Build.0 = Release|Any CPU
		{D022CCB6-4958-44DD-8175-E9AA181E6F41}.CruiseControl|Mixed Platforms.ActiveCfg = Release|Any CPU
		{D022CCB6-4958-44DD-8175-E9AA181E6F41}.CruiseControl|Mixed Platforms.Build.0 = Release|Any CPU
		{D022CCB6-4958-44DD-8175-E9AA181E6F41}.CruiseControl|Win32.ActiveCfg = Release|Any CPU
		{D022CCB6-4958-44DD-8175-E9AA181E6F41}.Debug|Any CPU.ActiveCfg = Debug|Any CPU
		{D022CCB6-4958-44DD-8175-E9AA181E6F41}.Debug|Any CPU.Build.0 = Debug|Any CPU
		{D022CCB6-4958-44DD-8175-E9AA181E6F41}.Debug|Mixed Platforms.ActiveCfg = Debug|Any CPU
		{D022CCB6-4958-44DD-8175-E9AA181E6F41}.Debug|Mixed Platforms.Build.0 = Debug|Any CPU
		{D022CCB6-4958-44DD-8175-E9AA181E6F41}.Debug|Win32.ActiveCfg = Debug|Any CPU
		{D022CCB6-4958-44DD-8175-E9AA181E6F41}.Release|Any CPU.ActiveCfg = Release|Any CPU
		{D022CCB6-4958-44DD-8175-E9AA181E6F41}.Release|Any CPU.Build.0 = Release|Any CPU
		{D022CCB6-4958-44DD-8175-E9AA181E6F41}.Release|Mixed Platforms.ActiveCfg = Release|Any CPU
		{D022CCB6-4958-44DD-8175-E9AA181E6F41}.Release|Mixed Platforms.Build.0 = Release|Any CPU
		{D022CCB6-4958-44DD-8175-E9AA181E6F41}.Release|Win32.ActiveCfg = Release|Any CPU
		{3866FB99-0922-4062-8880-B39DA0F1C15E}.CruiseControl|Any CPU.ActiveCfg = Release|Any CPU
		{3866FB99-0922-4062-8880-B39DA0F1C15E}.CruiseControl|Any CPU.Build.0 = Release|Any CPU
		{3866FB99-0922-4062-8880-B39DA0F1C15E}.CruiseControl|Mixed Platforms.ActiveCfg = Release|Any CPU
		{3866FB99-0922-4062-8880-B39DA0F1C15E}.CruiseControl|Mixed Platforms.Build.0 = Release|Any CPU
		{3866FB99-0922-4062-8880-B39DA0F1C15E}.CruiseControl|Win32.ActiveCfg = Release|Any CPU
		{3866FB99-0922-4062-8880-B39DA0F1C15E}.Debug|Any CPU.ActiveCfg = Debug|Any CPU
		{3866FB99-0922-4062-8880-B39DA0F1C15E}.Debug|Any CPU.Build.0 = Debug|Any CPU
		{3866FB99-0922-4062-8880-B39DA0F1C15E}.Debug|Mixed Platforms.ActiveCfg = Debug|Any CPU
		{3866FB99-0922-4062-8880-B39DA0F1C15E}.Debug|Mixed Platforms.Build.0 = Debug|Any CPU
		{3866FB99-0922-4062-8880-B39DA0F1C15E}.Debug|Win32.ActiveCfg = Debug|Any CPU
		{3866FB99-0922-4062-8880-B39DA0F1C15E}.Release|Any CPU.ActiveCfg = Release|Any CPU
		{3866FB99-0922-4062-8880-B39DA0F1C15E}.Release|Any CPU.Build.0 = Release|Any CPU
		{3866FB99-0922-4062-8880-B39DA0F1C15E}.Release|Mixed Platforms.ActiveCfg = Release|Any CPU
		{3866FB99-0922-4062-8880-B39DA0F1C15E}.Release|Mixed Platforms.Build.0 = Release|Any CPU
		{3866FB99-0922-4062-8880-B39DA0F1C15E}.Release|Win32.ActiveCfg = Release|Any CPU
		{676125C5-4B4A-4FE1-AB57-A3F22DA24476}.CruiseControl|Any CPU.ActiveCfg = Release|Any CPU
		{676125C5-4B4A-4FE1-AB57-A3F22DA24476}.CruiseControl|Any CPU.Build.0 = Release|Any CPU
		{676125C5-4B4A-4FE1-AB57-A3F22DA24476}.CruiseControl|Mixed Platforms.ActiveCfg = Release|Any CPU
		{676125C5-4B4A-4FE1-AB57-A3F22DA24476}.CruiseControl|Mixed Platforms.Build.0 = Release|Any CPU
		{676125C5-4B4A-4FE1-AB57-A3F22DA24476}.CruiseControl|Win32.ActiveCfg = Release|Any CPU
		{676125C5-4B4A-4FE1-AB57-A3F22DA24476}.Debug|Any CPU.ActiveCfg = Debug|Any CPU
		{676125C5-4B4A-4FE1-AB57-A3F22DA24476}.Debug|Any CPU.Build.0 = Debug|Any CPU
		{676125C5-4B4A-4FE1-AB57-A3F22DA24476}.Debug|Mixed Platforms.ActiveCfg = Debug|Any CPU
		{676125C5-4B4A-4FE1-AB57-A3F22DA24476}.Debug|Mixed Platforms.Build.0 = Debug|Any CPU
		{676125C5-4B4A-4FE1-AB57-A3F22DA24476}.Debug|Win32.ActiveCfg = Debug|Any CPU
		{676125C5-4B4A-4FE1-AB57-A3F22DA24476}.Release|Any CPU.ActiveCfg = Release|Any CPU
		{676125C5-4B4A-4FE1-AB57-A3F22DA24476}.Release|Any CPU.Build.0 = Release|Any CPU
		{676125C5-4B4A-4FE1-AB57-A3F22DA24476}.Release|Mixed Platforms.ActiveCfg = Release|Any CPU
		{676125C5-4B4A-4FE1-AB57-A3F22DA24476}.Release|Mixed Platforms.Build.0 = Release|Any CPU
		{676125C5-4B4A-4FE1-AB57-A3F22DA24476}.Release|Win32.ActiveCfg = Release|Any CPU
		{095A65E9-D852-420E-A1AD-DD795916D5A6}.CruiseControl|Any CPU.ActiveCfg = Release|Any CPU
		{095A65E9-D852-420E-A1AD-DD795916D5A6}.CruiseControl|Any CPU.Build.0 = Release|Any CPU
		{095A65E9-D852-420E-A1AD-DD795916D5A6}.CruiseControl|Mixed Platforms.ActiveCfg = Release|Any CPU
		{095A65E9-D852-420E-A1AD-DD795916D5A6}.CruiseControl|Mixed Platforms.Build.0 = Release|Any CPU
		{095A65E9-D852-420E-A1AD-DD795916D5A6}.CruiseControl|Win32.ActiveCfg = Release|Any CPU
		{095A65E9-D852-420E-A1AD-DD795916D5A6}.Debug|Any CPU.ActiveCfg = Debug|Any CPU
		{095A65E9-D852-420E-A1AD-DD795916D5A6}.Debug|Any CPU.Build.0 = Debug|Any CPU
		{095A65E9-D852-420E-A1AD-DD795916D5A6}.Debug|Mixed Platforms.ActiveCfg = Debug|Any CPU
		{095A65E9-D852-420E-A1AD-DD795916D5A6}.Debug|Mixed Platforms.Build.0 = Debug|Any CPU
		{095A65E9-D852-420E-A1AD-DD795916D5A6}.Debug|Win32.ActiveCfg = Debug|Any CPU
		{095A65E9-D852-420E-A1AD-DD795916D5A6}.Release|Any CPU.ActiveCfg = Release|Any CPU
		{095A65E9-D852-420E-A1AD-DD795916D5A6}.Release|Any CPU.Build.0 = Release|Any CPU
		{095A65E9-D852-420E-A1AD-DD795916D5A6}.Release|Mixed Platforms.ActiveCfg = Release|Any CPU
		{095A65E9-D852-420E-A1AD-DD795916D5A6}.Release|Mixed Platforms.Build.0 = Release|Any CPU
		{095A65E9-D852-420E-A1AD-DD795916D5A6}.Release|Win32.ActiveCfg = Release|Any CPU
		{CB2AAB94-A28F-4D46-84A7-66A4A2E06222}.CruiseControl|Any CPU.ActiveCfg = Release|Any CPU
		{CB2AAB94-A28F-4D46-84A7-66A4A2E06222}.CruiseControl|Any CPU.Build.0 = Release|Any CPU
		{CB2AAB94-A28F-4D46-84A7-66A4A2E06222}.CruiseControl|Mixed Platforms.ActiveCfg = Release|Any CPU
		{CB2AAB94-A28F-4D46-84A7-66A4A2E06222}.CruiseControl|Mixed Platforms.Build.0 = Release|Any CPU
		{CB2AAB94-A28F-4D46-84A7-66A4A2E06222}.CruiseControl|Win32.ActiveCfg = Release|Any CPU
		{CB2AAB94-A28F-4D46-84A7-66A4A2E06222}.Debug|Any CPU.ActiveCfg = Debug|Any CPU
		{CB2AAB94-A28F-4D46-84A7-66A4A2E06222}.Debug|Any CPU.Build.0 = Debug|Any CPU
		{CB2AAB94-A28F-4D46-84A7-66A4A2E06222}.Debug|Mixed Platforms.ActiveCfg = Debug|Any CPU
		{CB2AAB94-A28F-4D46-84A7-66A4A2E06222}.Debug|Mixed Platforms.Build.0 = Debug|Any CPU
		{CB2AAB94-A28F-4D46-84A7-66A4A2E06222}.Debug|Win32.ActiveCfg = Debug|Any CPU
		{CB2AAB94-A28F-4D46-84A7-66A4A2E06222}.Release|Any CPU.ActiveCfg = Release|Any CPU
		{CB2AAB94-A28F-4D46-84A7-66A4A2E06222}.Release|Any CPU.Build.0 = Release|Any CPU
		{CB2AAB94-A28F-4D46-84A7-66A4A2E06222}.Release|Mixed Platforms.ActiveCfg = Release|Any CPU
		{CB2AAB94-A28F-4D46-84A7-66A4A2E06222}.Release|Mixed Platforms.Build.0 = Release|Any CPU
		{CB2AAB94-A28F-4D46-84A7-66A4A2E06222}.Release|Win32.ActiveCfg = Release|Any CPU
		{BE9013E3-687A-4685-8531-132C9D5C3BA4}.CruiseControl|Any CPU.ActiveCfg = Release|Any CPU
		{BE9013E3-687A-4685-8531-132C9D5C3BA4}.CruiseControl|Any CPU.Build.0 = Release|Any CPU
		{BE9013E3-687A-4685-8531-132C9D5C3BA4}.CruiseControl|Mixed Platforms.ActiveCfg = Release|Any CPU
		{BE9013E3-687A-4685-8531-132C9D5C3BA4}.CruiseControl|Mixed Platforms.Build.0 = Release|Any CPU
		{BE9013E3-687A-4685-8531-132C9D5C3BA4}.CruiseControl|Win32.ActiveCfg = Release|Any CPU
		{BE9013E3-687A-4685-8531-132C9D5C3BA4}.Debug|Any CPU.ActiveCfg = Debug|Any CPU
		{BE9013E3-687A-4685-8531-132C9D5C3BA4}.Debug|Any CPU.Build.0 = Debug|Any CPU
		{BE9013E3-687A-4685-8531-132C9D5C3BA4}.Debug|Mixed Platforms.ActiveCfg = Debug|Any CPU
		{BE9013E3-687A-4685-8531-132C9D5C3BA4}.Debug|Mixed Platforms.Build.0 = Debug|Any CPU
		{BE9013E3-687A-4685-8531-132C9D5C3BA4}.Debug|Win32.ActiveCfg = Debug|Any CPU
		{BE9013E3-687A-4685-8531-132C9D5C3BA4}.Release|Any CPU.ActiveCfg = Release|Any CPU
		{BE9013E3-687A-4685-8531-132C9D5C3BA4}.Release|Any CPU.Build.0 = Release|Any CPU
		{BE9013E3-687A-4685-8531-132C9D5C3BA4}.Release|Mixed Platforms.ActiveCfg = Release|Any CPU
		{BE9013E3-687A-4685-8531-132C9D5C3BA4}.Release|Mixed Platforms.Build.0 = Release|Any CPU
		{BE9013E3-687A-4685-8531-132C9D5C3BA4}.Release|Win32.ActiveCfg = Release|Any CPU
		{971F984A-724F-4841-8AB9-6BB738C6E329}.CruiseControl|Any CPU.ActiveCfg = Release|Any CPU
		{971F984A-724F-4841-8AB9-6BB738C6E329}.CruiseControl|Any CPU.Build.0 = Release|Any CPU
		{971F984A-724F-4841-8AB9-6BB738C6E329}.CruiseControl|Mixed Platforms.ActiveCfg = Release|Any CPU
		{971F984A-724F-4841-8AB9-6BB738C6E329}.CruiseControl|Mixed Platforms.Build.0 = Release|Any CPU
		{971F984A-724F-4841-8AB9-6BB738C6E329}.CruiseControl|Win32.ActiveCfg = Release|Any CPU
		{971F984A-724F-4841-8AB9-6BB738C6E329}.Debug|Any CPU.ActiveCfg = Debug|Any CPU
		{971F984A-724F-4841-8AB9-6BB738C6E329}.Debug|Any CPU.Build.0 = Debug|Any CPU
		{971F984A-724F-4841-8AB9-6BB738C6E329}.Debug|Mixed Platforms.ActiveCfg = Debug|Any CPU
		{971F984A-724F-4841-8AB9-6BB738C6E329}.Debug|Mixed Platforms.Build.0 = Debug|Any CPU
		{971F984A-724F-4841-8AB9-6BB738C6E329}.Debug|Win32.ActiveCfg = Debug|Any CPU
		{971F984A-724F-4841-8AB9-6BB738C6E329}.Release|Any CPU.ActiveCfg = Release|Any CPU
		{971F984A-724F-4841-8AB9-6BB738C6E329}.Release|Any CPU.Build.0 = Release|Any CPU
		{971F984A-724F-4841-8AB9-6BB738C6E329}.Release|Mixed Platforms.ActiveCfg = Release|Any CPU
		{971F984A-724F-4841-8AB9-6BB738C6E329}.Release|Mixed Platforms.Build.0 = Release|Any CPU
		{971F984A-724F-4841-8AB9-6BB738C6E329}.Release|Win32.ActiveCfg = Release|Any CPU
		{F016B78B-0BE2-45CD-9584-68FD9CAF35F9}.CruiseControl|Any CPU.ActiveCfg = Release|Any CPU
		{F016B78B-0BE2-45CD-9584-68FD9CAF35F9}.CruiseControl|Any CPU.Build.0 = Release|Any CPU
		{F016B78B-0BE2-45CD-9584-68FD9CAF35F9}.CruiseControl|Mixed Platforms.ActiveCfg = Release|Any CPU
		{F016B78B-0BE2-45CD-9584-68FD9CAF35F9}.CruiseControl|Mixed Platforms.Build.0 = Release|Any CPU
		{F016B78B-0BE2-45CD-9584-68FD9CAF35F9}.CruiseControl|Win32.ActiveCfg = Release|Any CPU
		{F016B78B-0BE2-45CD-9584-68FD9CAF35F9}.Debug|Any CPU.ActiveCfg = Debug|Any CPU
		{F016B78B-0BE2-45CD-9584-68FD9CAF35F9}.Debug|Any CPU.Build.0 = Debug|Any CPU
		{F016B78B-0BE2-45CD-9584-68FD9CAF35F9}.Debug|Mixed Platforms.ActiveCfg = Debug|Any CPU
		{F016B78B-0BE2-45CD-9584-68FD9CAF35F9}.Debug|Mixed Platforms.Build.0 = Debug|Any CPU
		{F016B78B-0BE2-45CD-9584-68FD9CAF35F9}.Debug|Win32.ActiveCfg = Debug|Any CPU
		{F016B78B-0BE2-45CD-9584-68FD9CAF35F9}.Release|Any CPU.ActiveCfg = Release|Any CPU
		{F016B78B-0BE2-45CD-9584-68FD9CAF35F9}.Release|Any CPU.Build.0 = Release|Any CPU
		{F016B78B-0BE2-45CD-9584-68FD9CAF35F9}.Release|Mixed Platforms.ActiveCfg = Release|Any CPU
		{F016B78B-0BE2-45CD-9584-68FD9CAF35F9}.Release|Mixed Platforms.Build.0 = Release|Any CPU
		{F016B78B-0BE2-45CD-9584-68FD9CAF35F9}.Release|Win32.ActiveCfg = Release|Any CPU
		{50C73F54-92BA-41F5-9D7B-1505298E34E3}.CruiseControl|Any CPU.ActiveCfg = Release|Any CPU
		{50C73F54-92BA-41F5-9D7B-1505298E34E3}.CruiseControl|Any CPU.Build.0 = Release|Any CPU
		{50C73F54-92BA-41F5-9D7B-1505298E34E3}.CruiseControl|Mixed Platforms.ActiveCfg = Release|Any CPU
		{50C73F54-92BA-41F5-9D7B-1505298E34E3}.CruiseControl|Mixed Platforms.Build.0 = Release|Any CPU
		{50C73F54-92BA-41F5-9D7B-1505298E34E3}.CruiseControl|Win32.ActiveCfg = Release|Any CPU
		{50C73F54-92BA-41F5-9D7B-1505298E34E3}.Debug|Any CPU.ActiveCfg = Debug|Any CPU
		{50C73F54-92BA-41F5-9D7B-1505298E34E3}.Debug|Any CPU.Build.0 = Debug|Any CPU
		{50C73F54-92BA-41F5-9D7B-1505298E34E3}.Debug|Mixed Platforms.ActiveCfg = Debug|Any CPU
		{50C73F54-92BA-41F5-9D7B-1505298E34E3}.Debug|Mixed Platforms.Build.0 = Debug|Any CPU
		{50C73F54-92BA-41F5-9D7B-1505298E34E3}.Debug|Win32.ActiveCfg = Debug|Any CPU
		{50C73F54-92BA-41F5-9D7B-1505298E34E3}.Release|Any CPU.ActiveCfg = Release|Any CPU
		{50C73F54-92BA-41F5-9D7B-1505298E34E3}.Release|Any CPU.Build.0 = Release|Any CPU
		{50C73F54-92BA-41F5-9D7B-1505298E34E3}.Release|Mixed Platforms.ActiveCfg = Release|Any CPU
		{50C73F54-92BA-41F5-9D7B-1505298E34E3}.Release|Mixed Platforms.Build.0 = Release|Any CPU
		{50C73F54-92BA-41F5-9D7B-1505298E34E3}.Release|Win32.ActiveCfg = Release|Any CPU
		{5BFA5A70-D384-4417-AFCC-5C744485A85F}.CruiseControl|Any CPU.ActiveCfg = Release|Any CPU
		{5BFA5A70-D384-4417-AFCC-5C744485A85F}.CruiseControl|Any CPU.Build.0 = Release|Any CPU
		{5BFA5A70-D384-4417-AFCC-5C744485A85F}.CruiseControl|Mixed Platforms.ActiveCfg = Release|Any CPU
		{5BFA5A70-D384-4417-AFCC-5C744485A85F}.CruiseControl|Mixed Platforms.Build.0 = Release|Any CPU
		{5BFA5A70-D384-4417-AFCC-5C744485A85F}.CruiseControl|Win32.ActiveCfg = Release|Any CPU
		{5BFA5A70-D384-4417-AFCC-5C744485A85F}.Debug|Any CPU.ActiveCfg = Debug|Any CPU
		{5BFA5A70-D384-4417-AFCC-5C744485A85F}.Debug|Any CPU.Build.0 = Debug|Any CPU
		{5BFA5A70-D384-4417-AFCC-5C744485A85F}.Debug|Mixed Platforms.ActiveCfg = Debug|Any CPU
		{5BFA5A70-D384-4417-AFCC-5C744485A85F}.Debug|Mixed Platforms.Build.0 = Debug|Any CPU
		{5BFA5A70-D384-4417-AFCC-5C744485A85F}.Debug|Win32.ActiveCfg = Debug|Any CPU
		{5BFA5A70-D384-4417-AFCC-5C744485A85F}.Release|Any CPU.ActiveCfg = Release|Any CPU
		{5BFA5A70-D384-4417-AFCC-5C744485A85F}.Release|Any CPU.Build.0 = Release|Any CPU
		{5BFA5A70-D384-4417-AFCC-5C744485A85F}.Release|Mixed Platforms.ActiveCfg = Release|Any CPU
		{5BFA5A70-D384-4417-AFCC-5C744485A85F}.Release|Mixed Platforms.Build.0 = Release|Any CPU
		{5BFA5A70-D384-4417-AFCC-5C744485A85F}.Release|Win32.ActiveCfg = Release|Any CPU
	EndGlobalSection
	GlobalSection(SolutionProperties) = preSolution
		HideSolutionNode = FALSE
	EndGlobalSection
EndGlobal
