Microsoft Visual Studio Solution File, Format Version 8.00
Project("{FAE04EC0-301F-11D3-BF4B-00C04F79EFBC}") = "CategoryHotkeys", "CategoryHotkeys.csproj", "{505C70AE-5E38-4FA1-A707-70D4570687F7}"
	ProjectSection(ProjectDependencies) = postProject
	EndProjectSection
EndProject
Global
	GlobalSection(DPCodeReviewSolutionGUID) = preSolution
		DPCodeReviewSolutionGUID = {00000000-0000-0000-0000-000000000000}
	EndGlobalSection
	GlobalSection(SourceCodeControl) = preSolution
		SccNumberOfProjects = 2
		SccProjectName0 = Perforce\u0020Project
		SccLocalPath0 = .
		SccProvider0 = MSSCCI:Perforce\u0020SCM
		CanCheckoutShared = true
		SolutionUniqueID = {2D037722-4196-4CE3-98A1-CAAFA120F89D}
		SccProjectUniqueName1 = CategoryHotkeys.csproj
		SccLocalPath1 = .
		CanCheckoutShared = true
	EndGlobalSection
	GlobalSection(SolutionConfiguration) = preSolution
		Debug = Debug
		Release = Release
	EndGlobalSection
	GlobalSection(ProjectConfiguration) = postSolution
		{505C70AE-5E38-4FA1-A707-70D4570687F7}.Debug.ActiveCfg = Debug|.NET
		{505C70AE-5E38-4FA1-A707-70D4570687F7}.Debug.Build.0 = Debug|.NET
		{505C70AE-5E38-4FA1-A707-70D4570687F7}.Release.ActiveCfg = Release|.NET
		{505C70AE-5E38-4FA1-A707-70D4570687F7}.Release.Build.0 = Release|.NET
	EndGlobalSection
	GlobalSection(ExtensibilityGlobals) = postSolution
	EndGlobalSection
	GlobalSection(ExtensibilityAddIns) = postSolution
	EndGlobalSection
EndGlobal
